
Microsoft Visual Studio Solution File, Format Version 12.00
# Visual Studio Version 16
VisualStudioVersion = 16.0.31727.386
MinimumVisualStudioVersion = 10.0.40219.1
Project("{FAE04EC0-301F-11D3-BF4B-00C04F79EFBC}") = "Builder", "Builder\Builder.csproj", "{5F7ACFBB-CCD3-4CF8-916D-CF84D120EA0B}"
EndProject
Project("{FAE04EC0-301F-11D3-BF4B-00C04F79EFBC}") = "BuilderAbstractFactory", "BuilderAbstractFactory\BuilderAbstractFactory.csproj", "{E708D591-687A-4B35-8DC8-A17E302B5789}"
EndProject
Project("{FAE04EC0-301F-11D3-BF4B-00C04F79EFBC}") = "PrototypeBuilder", "PrototypeBuider\PrototypeBuilder.csproj", "{DBAF0772-748B-4F37-8C07-DC60272F3757}"
EndProject
Project("{FAE04EC0-301F-11D3-BF4B-00C04F79EFBC}") = "PrototypeBuilderClone", "PrototypeBuilderClone\PrototypeBuilderClone.csproj", "{DA36E8B8-0BEF-4AA2-991D-537F5261E0F3}"
EndProject
Project("{FAE04EC0-301F-11D3-BF4B-00C04F79EFBC}") = "Prototype", "Prototype\Prototype.csproj", "{D6EA6CCB-19C9-4880-B86E-E97AA75B1E03}"
EndProject
Project("{2150E333-8FDC-42A3-9474-1A3956D46DE8}") = "CreationalPatterns", "CreationalPatterns", "{110E9B7D-2215-4E9E-9BAB-3B62069A27E9}"
EndProject
Project("{FAE04EC0-301F-11D3-BF4B-00C04F79EFBC}") = "DesignPrinciple", "DesignPrinciple\DesignPrinciple.csproj", "{4C7AB8C7-7DCB-4779-88D9-4F612F854338}"
EndProject
Project("{FAE04EC0-301F-11D3-BF4B-00C04F79EFBC}") = "SimpleFactory", "SimpleFactory\SimpleFactory.csproj", "{CE19FD29-7A0B-4C15-B532-C23CAEF9F2A2}"
EndProject
Project("{FAE04EC0-301F-11D3-BF4B-00C04F79EFBC}") = "Singleton", "Singleton\Singleton.csproj", "{23BB9D39-78D5-442E-A390-BBC5E4414532}"
EndProject
Project("{FAE04EC0-301F-11D3-BF4B-00C04F79EFBC}") = "AbstactFactory", "AbstactFactory\AbstactFactory.csproj", "{8E386B55-3BDF-4640-8487-15DF0F685827}"
EndProject
Project("{2150E333-8FDC-42A3-9474-1A3956D46DE8}") = "StructuralPatterns", "StructuralPatterns", "{585BAD23-3EC2-4795-B59C-61E18688A5B0}"
EndProject
Project("{FAE04EC0-301F-11D3-BF4B-00C04F79EFBC}") = "Adapter", "Adapter\Adapter.csproj", "{93A037C4-0A62-4D07-9BD9-BF9FAADDA3A5}"
EndProject
Project("{2150E333-8FDC-42A3-9474-1A3956D46DE8}") = "BigTalkDesignPatterns", "BigTalkDesignPatterns", "{718FE80A-961C-4E6C-B0B8-5281E8E72437}"
EndProject
Project("{2150E333-8FDC-42A3-9474-1A3956D46DE8}") = "AppendixAOOP", "AppendixAOOP", "{844FE7DE-C116-4C02-B1C6-22AEB61B2657}"
EndProject
Project("{2150E333-8FDC-42A3-9474-1A3956D46DE8}") = "Ch01SimpleFactory", "Ch01SimpleFactory", "{CAEF1A51-F54F-4F0A-80E7-0C4CB1C26DAE}"
EndProject
Project("{2150E333-8FDC-42A3-9474-1A3956D46DE8}") = "Ch02Strategy", "Ch02Strategy", "{BC3F9C46-9F9C-4CDF-B435-2DE28ADE1CFC}"
EndProject
Project("{2150E333-8FDC-42A3-9474-1A3956D46DE8}") = "Ch06Decorator", "Ch06Decorator", "{6A297ABE-E911-4FD9-83A7-280238D5F07C}"
EndProject
Project("{2150E333-8FDC-42A3-9474-1A3956D46DE8}") = "Ch07Proxy", "Ch07Proxy", "{A8A82B98-079D-4CB0-8C10-B462E7CA366D}"
EndProject
Project("{2150E333-8FDC-42A3-9474-1A3956D46DE8}") = "Ch08FactoryMethod", "Ch08FactoryMethod", "{9AB4DA80-8876-4195-A715-2AC34E188199}"
EndProject
Project("{2150E333-8FDC-42A3-9474-1A3956D46DE8}") = "Ch09Prototype", "Ch09Prototype", "{F01A9F91-6211-4AA0-A637-A08D8AB8661C}"
EndProject
Project("{2150E333-8FDC-42A3-9474-1A3956D46DE8}") = "Ch10TemplateMethod", "Ch10TemplateMethod", "{36E71D28-16DD-41F3-B4DC-3B9E3B66F464}"
EndProject
Project("{2150E333-8FDC-42A3-9474-1A3956D46DE8}") = "Ch12Facade", "Ch12Facade", "{FFB2A838-63AD-4F55-B808-60BF6B9C3FC0}"
EndProject
Project("{2150E333-8FDC-42A3-9474-1A3956D46DE8}") = "Ch13Builder", "Ch13Builder", "{10884D0B-9799-4CC3-9C41-CF02E7389A02}"
EndProject
Project("{2150E333-8FDC-42A3-9474-1A3956D46DE8}") = "Ch14Observer", "Ch14Observer", "{3D589FA1-0356-49D9-9E28-E006CCF73560}"
EndProject
Project("{2150E333-8FDC-42A3-9474-1A3956D46DE8}") = "Ch15AbstractFactory", "Ch15AbstractFactory", "{BF68CC37-CE62-41CE-8B0F-BA7CD5F3D987}"
EndProject
Project("{FAE04EC0-301F-11D3-BF4B-00C04F79EFBC}") = "Ch01.1", "BigTalkDesignPatterns\Ch01.1\Ch01.1.csproj", "{927F60C3-28E0-4857-AD45-E7F822376EB2}"
EndProject
Project("{FAE04EC0-301F-11D3-BF4B-00C04F79EFBC}") = "Ch01.2", "BigTalkDesignPatterns\Ch01.2\Ch01.2.csproj", "{38BAC70C-1ED4-4815-857C-790FB53B5297}"
EndProject
Project("{FAE04EC0-301F-11D3-BF4B-00C04F79EFBC}") = "AnimalGames", "BigTalkDesignPatterns\AnimalGames\AnimalGames.csproj", "{5E0B61A6-D161-4DA4-B064-16B28CABE120}"
EndProject
Project("{FAE04EC0-301F-11D3-BF4B-00C04F79EFBC}") = "Ch02.1", "BigTalkDesignPatterns\Ch02.1\Ch02.1.csproj", "{240D70B2-0420-4DCD-BFF2-4305388A82F9}"
EndProject
Project("{FAE04EC0-301F-11D3-BF4B-00C04F79EFBC}") = "Ch02.2", "BigTalkDesignPatterns\Ch02.2\Ch02.2.csproj", "{74B59C18-FF65-4E47-9155-2FC4A9E7441C}"
EndProject
Project("{FAE04EC0-301F-11D3-BF4B-00C04F79EFBC}") = "Ch02.3", "BigTalkDesignPatterns\Ch02.3\Ch02.3.csproj", "{4BC22BA6-8CD8-4CB1-BFD7-5040B11B1BD2}"
EndProject
Project("{FAE04EC0-301F-11D3-BF4B-00C04F79EFBC}") = "Ch02.4", "BigTalkDesignPatterns\Ch02.4\Ch02.4.csproj", "{A4C9D281-F515-48DA-8B61-0FEF370DE153}"
EndProject
Project("{FAE04EC0-301F-11D3-BF4B-00C04F79EFBC}") = "Ch02.5", "BigTalkDesignPatterns\Ch02.5\Ch02.5.csproj", "{01B5D45F-92EE-4678-903A-8C2C4D19E656}"
EndProject
Project("{FAE04EC0-301F-11D3-BF4B-00C04F79EFBC}") = "Ch06.1", "BigTalkDesignPatterns\Ch06.1\Ch06.1.csproj", "{00F78243-7347-4561-9899-2B171355D1F0}"
EndProject
Project("{FAE04EC0-301F-11D3-BF4B-00C04F79EFBC}") = "Ch06.2", "BigTalkDesignPatterns\Ch06.2\Ch06.2.csproj", "{A9230EBB-8270-4C6C-A31D-48BC2B281E2C}"
EndProject
Project("{FAE04EC0-301F-11D3-BF4B-00C04F79EFBC}") = "Ch06.3", "BigTalkDesignPatterns\Ch06.3\Ch06.3.csproj", "{9D4D0F12-BB40-4063-93F0-BBFE8F09E272}"
EndProject
Project("{FAE04EC0-301F-11D3-BF4B-00C04F79EFBC}") = "Ch07.1", "BigTalkDesignPatterns\Ch07.1\Ch07.1.csproj", "{359A4D31-A95C-47EA-80D2-F4A883B2D3F6}"
EndProject
Project("{FAE04EC0-301F-11D3-BF4B-00C04F79EFBC}") = "Ch07.2", "BigTalkDesignPatterns\Ch07.2\Ch07.2.csproj", "{37028AE8-F67E-4DA6-A6A9-28E0E6359C82}"
EndProject
Project("{FAE04EC0-301F-11D3-BF4B-00C04F79EFBC}") = "Ch07.3", "BigTalkDesignPatterns\Ch07.3\Ch07.3.csproj", "{BB5B5FED-D2B4-46B1-94E1-22CABEBA0608}"
EndProject
Project("{FAE04EC0-301F-11D3-BF4B-00C04F79EFBC}") = "Ch08.1", "BigTalkDesignPatterns\Ch08.1\Ch08.1.csproj", "{1939FF26-0C34-4CBC-90B6-011DA043A9E2}"
EndProject
Project("{FAE04EC0-301F-11D3-BF4B-00C04F79EFBC}") = "Ch08.2", "BigTalkDesignPatterns\Ch08.2\Ch08.2.csproj", "{C61A43C3-7446-414D-8BCF-2A977B9D0B59}"
EndProject
Project("{FAE04EC0-301F-11D3-BF4B-00C04F79EFBC}") = "Ch08.3", "BigTalkDesignPatterns\Ch08.3\Ch08.3.csproj", "{C06178AA-C8CE-4541-871C-EA81C601306B}"
EndProject
Project("{FAE04EC0-301F-11D3-BF4B-00C04F79EFBC}") = "Ch09.1", "BigTalkDesignPatterns\Ch09.1\Ch09.1.csproj", "{57BC4365-68C7-4B0B-9A06-7E56140B1126}"
EndProject
Project("{FAE04EC0-301F-11D3-BF4B-00C04F79EFBC}") = "Ch09.2", "BigTalkDesignPatterns\Ch09.2\Ch09.2.csproj", "{ABA53B56-1C7F-4EFD-923D-151CB5E93814}"
EndProject
Project("{FAE04EC0-301F-11D3-BF4B-00C04F79EFBC}") = "Ch09.3", "BigTalkDesignPatterns\Ch09.3\Ch09.3.csproj", "{98C65532-95B1-474A-9348-559114E50592}"
EndProject
Project("{FAE04EC0-301F-11D3-BF4B-00C04F79EFBC}") = "Ch09.4", "BigTalkDesignPatterns\Ch09.4\Ch09.4.csproj", "{E6A97588-EFEC-4EFF-B2CD-BA63A76A0B34}"
EndProject
Project("{FAE04EC0-301F-11D3-BF4B-00C04F79EFBC}") = "Ch10.1", "BigTalkDesignPatterns\Ch10.1\Ch10.1.csproj", "{49761F73-F06D-4B8B-A7D7-09804F6125CE}"
EndProject
Project("{FAE04EC0-301F-11D3-BF4B-00C04F79EFBC}") = "Ch10.2", "BigTalkDesignPatterns\Ch10.2\Ch10.2.csproj", "{5F4DC1A6-C317-4E82-B1B6-B8501322A625}"
EndProject
Project("{FAE04EC0-301F-11D3-BF4B-00C04F79EFBC}") = "Ch10.3", "BigTalkDesignPatterns\Ch10.3\Ch10.3.csproj", "{AB073C4C-0597-4D54-8C46-7C8E3B18C62D}"
EndProject
Project("{FAE04EC0-301F-11D3-BF4B-00C04F79EFBC}") = "Ch10.4", "BigTalkDesignPatterns\Ch10.4\Ch10.4.csproj", "{6DA3F0D6-CA75-4701-B334-A4DAEDBA0289}"
EndProject
Project("{FAE04EC0-301F-11D3-BF4B-00C04F79EFBC}") = "Ch12.1", "BigTalkDesignPatterns\Ch12.1\Ch12.1.csproj", "{54DD54A2-C221-4E26-97A4-4A05DAFC1B0D}"
EndProject
Project("{FAE04EC0-301F-11D3-BF4B-00C04F79EFBC}") = "Ch12.2", "BigTalkDesignPatterns\Ch12.2\Ch12.2.csproj", "{387E6960-7490-4A88-9D97-D967FA1232F0}"
EndProject
Project("{FAE04EC0-301F-11D3-BF4B-00C04F79EFBC}") = "Ch13.1", "BigTalkDesignPatterns\Ch13.1\Ch13.1.csproj", "{88868F92-1E87-434C-BB6B-4C2055568654}"
EndProject
Project("{FAE04EC0-301F-11D3-BF4B-00C04F79EFBC}") = "Ch13.2", "BigTalkDesignPatterns\Ch13.2\Ch13.2.csproj", "{50811144-2C3C-42EA-830F-06063216DB8E}"
EndProject
Project("{FAE04EC0-301F-11D3-BF4B-00C04F79EFBC}") = "Ch13.3", "BigTalkDesignPatterns\Ch13.3\Ch13.3.csproj", "{ED5BDD55-2F66-4475-8C2D-A5FF3927760F}"
EndProject
Project("{FAE04EC0-301F-11D3-BF4B-00C04F79EFBC}") = "Ch13.4", "BigTalkDesignPatterns\Ch13.4\Ch13.4.csproj", "{DE3E145F-77C1-464E-8D0A-65E1CE0296F7}"
EndProject
Project("{FAE04EC0-301F-11D3-BF4B-00C04F79EFBC}") = "Ch14.1", "BigTalkDesignPatterns\Ch14.1\Ch14.1.csproj", "{A2AD3D5C-5796-4DBA-B2D2-85CB76BD546A}"
EndProject
Project("{FAE04EC0-301F-11D3-BF4B-00C04F79EFBC}") = "Ch14.2", "BigTalkDesignPatterns\Ch14.2\Ch14.2.csproj", "{EDBDAF20-E4F1-407B-B246-025B7C859CE4}"
EndProject
Project("{FAE04EC0-301F-11D3-BF4B-00C04F79EFBC}") = "Ch14.3", "BigTalkDesignPatterns\Ch14.3\Ch14.3.csproj", "{D054DF57-E5CB-44EF-9706-35E8A9559FDF}"
EndProject
Project("{FAE04EC0-301F-11D3-BF4B-00C04F79EFBC}") = "Ch14.4", "BigTalkDesignPatterns\Ch14.4\Ch14.4.csproj", "{5219B29C-6C99-4764-8006-BA527082D611}"
EndProject
Project("{FAE04EC0-301F-11D3-BF4B-00C04F79EFBC}") = "Ch14.5", "BigTalkDesignPatterns\Ch14.5\Ch14.5.csproj", "{7C1A177A-D7A9-4799-8566-58C6BE0637F4}"
EndProject
Project("{FAE04EC0-301F-11D3-BF4B-00C04F79EFBC}") = "Ch15.2", "BigTalkDesignPatterns\Ch15.2\Ch15.2.csproj", "{7D37481A-79BF-4E5B-B266-5EC2A89E1B16}"
EndProject
Project("{FAE04EC0-301F-11D3-BF4B-00C04F79EFBC}") = "Ch15.1", "BigTalkDesignPatterns\Ch15.1\Ch15.1.csproj", "{FE8130C0-AE16-4513-BA67-0384B43E7808}"
EndProject
Project("{FAE04EC0-301F-11D3-BF4B-00C04F79EFBC}") = "Ch15.3", "BigTalkDesignPatterns\Ch15.3\Ch15.3.csproj", "{55BDFB1F-75A0-4ADF-8039-D578AD7B107F}"
EndProject
Project("{FAE04EC0-301F-11D3-BF4B-00C04F79EFBC}") = "Ch15.4", "BigTalkDesignPatterns\Ch15.4\Ch15.4.csproj", "{DECC4E04-C1D3-42CB-9F09-F0234E0223EF}"
EndProject
Project("{2150E333-8FDC-42A3-9474-1A3956D46DE8}") = "Refactoring", "Refactoring", "{C826BE41-9E1C-411E-997B-8BECF4A379B4}"
EndProject
Project("{2150E333-8FDC-42A3-9474-1A3956D46DE8}") = "Rf01", "Rf01", "{3594B234-D67E-49AB-B47A-0EEF0B310D81}"
EndProject
Project("{FAE04EC0-301F-11D3-BF4B-00C04F79EFBC}") = "Rf01.1", "Refactoring\Ch01.1\Rf01.1.csproj", "{C5DCE028-235F-40BE-8279-EC3818C5D017}"
EndProject
Project("{2150E333-8FDC-42A3-9474-1A3956D46DE8}") = "Ch16State", "Ch16State", "{4BE943C4-B4D8-4815-AFC7-E9B56274EB21}"
EndProject
Project("{FAE04EC0-301F-11D3-BF4B-00C04F79EFBC}") = "Ch16.1", "BigTalkDesignPatterns\Ch16.1\Ch16.1.csproj", "{D6A954DF-BAF9-4478-B322-AD01C56B7340}"
EndProject
Project("{FAE04EC0-301F-11D3-BF4B-00C04F79EFBC}") = "Ch16.2", "BigTalkDesignPatterns\Ch16.2\Ch16.2.csproj", "{011F3DE6-7C9E-461E-B9D9-F8DAB110791F}"
EndProject
Project("{FAE04EC0-301F-11D3-BF4B-00C04F79EFBC}") = "Ch16.3", "BigTalkDesignPatterns\Ch16.3\Ch16.3.csproj", "{416DBAC4-E7F9-4C8F-BBE9-082F3E53D18D}"
EndProject
Project("{2150E333-8FDC-42A3-9474-1A3956D46DE8}") = "Ch17Adapter", "Ch17Adapter", "{C2B41751-FA97-451D-8BF3-18A7024F26E1}"
EndProject
Project("{FAE04EC0-301F-11D3-BF4B-00C04F79EFBC}") = "Ch17.1", "BigTalkDesignPatterns\Ch17.1\Ch17.1.csproj", "{7BD30D70-392E-4DC5-8D7D-4B0817186553}"
EndProject
Project("{FAE04EC0-301F-11D3-BF4B-00C04F79EFBC}") = "Ch17.2", "BigTalkDesignPatterns\Ch17.2\Ch17.2.csproj", "{5AE1C688-A5DE-48D1-ADE4-FBD37DA99395}"
EndProject
Project("{2150E333-8FDC-42A3-9474-1A3956D46DE8}") = "Ch18Memento", "Ch18Memento", "{21122BE5-EB8F-4BD9-8E3D-0E1C70E57011}"
EndProject
Project("{FAE04EC0-301F-11D3-BF4B-00C04F79EFBC}") = "Ch18.1", "BigTalkDesignPatterns\Ch18.1\Ch18.1.csproj", "{5FA8CF40-883A-42B1-99CE-78920F23E141}"
EndProject
Project("{FAE04EC0-301F-11D3-BF4B-00C04F79EFBC}") = "Ch18.2", "BigTalkDesignPatterns\Ch18.2\Ch18.2.csproj", "{C3E0B8B9-CF91-4928-B366-A9F81067D171}"
EndProject
Project("{FAE04EC0-301F-11D3-BF4B-00C04F79EFBC}") = "Ch18.3", "BigTalkDesignPatterns\Ch18.3\Ch18.3.csproj", "{E8CD7BA1-20B1-4116-81A3-1135753944C3}"
EndProject
Project("{2150E333-8FDC-42A3-9474-1A3956D46DE8}") = "Ch19Composite", "Ch19Composite", "{34272A72-FB18-4C86-959A-D34F346CB6AE}"
EndProject
Project("{FAE04EC0-301F-11D3-BF4B-00C04F79EFBC}") = "Ch19.1", "BigTalkDesignPatterns\Ch19.1\Ch19.1.csproj", "{F787B54F-9533-4041-B35B-B24A2042C4F4}"
EndProject
Project("{FAE04EC0-301F-11D3-BF4B-00C04F79EFBC}") = "Ch19.2", "BigTalkDesignPatterns\Ch19.2\Ch19.2.csproj", "{141A1760-8464-4C57-9235-4BDF587805DC}"
EndProject
Project("{2150E333-8FDC-42A3-9474-1A3956D46DE8}") = "Ch20Iterator", "Ch20Iterator", "{3C178778-2DEE-454B-B7DE-8331D2839C01}"
EndProject
Project("{FAE04EC0-301F-11D3-BF4B-00C04F79EFBC}") = "Ch20.1", "BigTalkDesignPatterns\Ch20.1\Ch20.1.csproj", "{B132FC34-BAE8-47D1-9D0B-983ECC562DB3}"
EndProject
Project("{2150E333-8FDC-42A3-9474-1A3956D46DE8}") = "Ch21Singleton", "Ch21Singleton", "{32B71953-C627-4BA3-86F1-F0A7F7092CF8}"
EndProject
Project("{FAE04EC0-301F-11D3-BF4B-00C04F79EFBC}") = "Ch21.1", "BigTalkDesignPatterns\Ch21.1\Ch21.1.csproj", "{77028128-0C7C-441E-99D0-BB8445B5040C}"
EndProject
Project("{FAE04EC0-301F-11D3-BF4B-00C04F79EFBC}") = "Ch21.2", "BigTalkDesignPatterns\Ch21.2\Ch21.2.csproj", "{8E39DCCD-3257-42C1-B7A7-84435C049950}"
EndProject
Project("{2150E333-8FDC-42A3-9474-1A3956D46DE8}") = "Ch22Bridge", "Ch22Bridge", "{76F5B331-220D-40BF-B24A-CD023155007D}"
EndProject
Project("{FAE04EC0-301F-11D3-BF4B-00C04F79EFBC}") = "Ch22.1", "BigTalkDesignPatterns\Ch22.1\Ch22.1.csproj", "{81372CE3-E11D-4D29-B93F-7E59006D38F4}"
EndProject
Project("{FAE04EC0-301F-11D3-BF4B-00C04F79EFBC}") = "Ch22.2", "BigTalkDesignPatterns\Ch22.2\Ch22.2.csproj", "{938BD875-0DA6-4502-ADA9-B034E3420F7B}"
EndProject
Project("{FAE04EC0-301F-11D3-BF4B-00C04F79EFBC}") = "Ch22.3", "BigTalkDesignPatterns\Ch22.3\Ch22.3.csproj", "{43170A30-D88A-4346-A506-2254185B98A0}"
EndProject
Project("{2150E333-8FDC-42A3-9474-1A3956D46DE8}") = "Gof", "Gof", "{BD817090-79AD-4287-9F16-9C83D5DA3781}"
EndProject
Project("{2150E333-8FDC-42A3-9474-1A3956D46DE8}") = "Ch23Command", "Ch23Command", "{5A99E68D-99E0-4E68-98E2-B25E795739A2}"
EndProject
Project("{FAE04EC0-301F-11D3-BF4B-00C04F79EFBC}") = "Ch23.1", "BigTalkDesignPatterns\Ch23.1\Ch23.1.csproj", "{B6ED2094-1E6F-4D81-9D19-03ACE89BC330}"
EndProject
Project("{FAE04EC0-301F-11D3-BF4B-00C04F79EFBC}") = "Ch23.2", "BigTalkDesignPatterns\Ch23.2\Ch23.2.csproj", "{1674532A-404A-4382-BAAF-C02C97129294}"
EndProject
Project("{FAE04EC0-301F-11D3-BF4B-00C04F79EFBC}") = "Ch23.3", "BigTalkDesignPatterns\Ch23.3\Ch23.3.csproj", "{629650FE-4002-4289-AB55-91828D7587DC}"
EndProject
Project("{2150E333-8FDC-42A3-9474-1A3956D46DE8}") = "Ch24ChainOfResponsibility", "Ch24ChainOfResponsibility", "{AB2011F1-F4AB-44D4-9F7A-202B26A87773}"
EndProject
Project("{FAE04EC0-301F-11D3-BF4B-00C04F79EFBC}") = "Ch24.1", "BigTalkDesignPatterns\Ch24.1\Ch24.1.csproj", "{55459738-B330-4109-8C11-428F08EE375F}"
EndProject
Project("{FAE04EC0-301F-11D3-BF4B-00C04F79EFBC}") = "Ch24.2", "BigTalkDesignPatterns\Ch24.2\Ch24.2.csproj", "{EA06CCA1-65F4-43C8-9EF2-BC3D1144DC2A}"
EndProject
Project("{FAE04EC0-301F-11D3-BF4B-00C04F79EFBC}") = "Ch24.3", "BigTalkDesignPatterns\Ch24.3\Ch24.3.csproj", "{19251832-291E-4F8E-A2B3-1547BB971253}"
EndProject
Project("{2150E333-8FDC-42A3-9474-1A3956D46DE8}") = "Ch25Mediator", "Ch25Mediator", "{C1E32CC4-25E4-4AD9-AB42-851F5B2DEDE4}"
EndProject
Project("{FAE04EC0-301F-11D3-BF4B-00C04F79EFBC}") = "Ch25.1", "BigTalkDesignPatterns\Ch25.1\Ch25.1.csproj", "{E555B047-632E-440A-AE87-C624C20E9536}"
EndProject
Project("{2150E333-8FDC-42A3-9474-1A3956D46DE8}") = "Ch26Flyweight", "Ch26Flyweight", "{495C760C-4CFF-4590-BCCD-A1C536B1E790}"
EndProject
Project("{FAE04EC0-301F-11D3-BF4B-00C04F79EFBC}") = "Ch26.1", "BigTalkDesignPatterns\Ch26.1\Ch26.1.csproj", "{A2B8FC2A-CB7B-41DF-A03B-30CECD17BA97}"
EndProject
Project("{FAE04EC0-301F-11D3-BF4B-00C04F79EFBC}") = "Ch26.2", "BigTalkDesignPatterns\Ch26.2\Ch26.2.csproj", "{28AA30E8-5E3C-407F-9121-490BA6A493A9}"
EndProject
Global
	GlobalSection(SolutionConfigurationPlatforms) = preSolution
		Debug|Any CPU = Debug|Any CPU
		Release|Any CPU = Release|Any CPU
	EndGlobalSection
	GlobalSection(ProjectConfigurationPlatforms) = postSolution
		{5F7ACFBB-CCD3-4CF8-916D-CF84D120EA0B}.Debug|Any CPU.ActiveCfg = Debug|Any CPU
		{5F7ACFBB-CCD3-4CF8-916D-CF84D120EA0B}.Debug|Any CPU.Build.0 = Debug|Any CPU
		{5F7ACFBB-CCD3-4CF8-916D-CF84D120EA0B}.Release|Any CPU.ActiveCfg = Release|Any CPU
		{5F7ACFBB-CCD3-4CF8-916D-CF84D120EA0B}.Release|Any CPU.Build.0 = Release|Any CPU
		{E708D591-687A-4B35-8DC8-A17E302B5789}.Debug|Any CPU.ActiveCfg = Debug|Any CPU
		{E708D591-687A-4B35-8DC8-A17E302B5789}.Debug|Any CPU.Build.0 = Debug|Any CPU
		{E708D591-687A-4B35-8DC8-A17E302B5789}.Release|Any CPU.ActiveCfg = Release|Any CPU
		{E708D591-687A-4B35-8DC8-A17E302B5789}.Release|Any CPU.Build.0 = Release|Any CPU
		{DBAF0772-748B-4F37-8C07-DC60272F3757}.Debug|Any CPU.ActiveCfg = Debug|Any CPU
		{DBAF0772-748B-4F37-8C07-DC60272F3757}.Debug|Any CPU.Build.0 = Debug|Any CPU
		{DBAF0772-748B-4F37-8C07-DC60272F3757}.Release|Any CPU.ActiveCfg = Release|Any CPU
		{DBAF0772-748B-4F37-8C07-DC60272F3757}.Release|Any CPU.Build.0 = Release|Any CPU
		{DA36E8B8-0BEF-4AA2-991D-537F5261E0F3}.Debug|Any CPU.ActiveCfg = Debug|Any CPU
		{DA36E8B8-0BEF-4AA2-991D-537F5261E0F3}.Debug|Any CPU.Build.0 = Debug|Any CPU
		{DA36E8B8-0BEF-4AA2-991D-537F5261E0F3}.Release|Any CPU.ActiveCfg = Release|Any CPU
		{DA36E8B8-0BEF-4AA2-991D-537F5261E0F3}.Release|Any CPU.Build.0 = Release|Any CPU
		{D6EA6CCB-19C9-4880-B86E-E97AA75B1E03}.Debug|Any CPU.ActiveCfg = Debug|Any CPU
		{D6EA6CCB-19C9-4880-B86E-E97AA75B1E03}.Debug|Any CPU.Build.0 = Debug|Any CPU
		{D6EA6CCB-19C9-4880-B86E-E97AA75B1E03}.Release|Any CPU.ActiveCfg = Release|Any CPU
		{D6EA6CCB-19C9-4880-B86E-E97AA75B1E03}.Release|Any CPU.Build.0 = Release|Any CPU
		{4C7AB8C7-7DCB-4779-88D9-4F612F854338}.Debug|Any CPU.ActiveCfg = Debug|Any CPU
		{4C7AB8C7-7DCB-4779-88D9-4F612F854338}.Debug|Any CPU.Build.0 = Debug|Any CPU
		{4C7AB8C7-7DCB-4779-88D9-4F612F854338}.Release|Any CPU.ActiveCfg = Release|Any CPU
		{4C7AB8C7-7DCB-4779-88D9-4F612F854338}.Release|Any CPU.Build.0 = Release|Any CPU
		{CE19FD29-7A0B-4C15-B532-C23CAEF9F2A2}.Debug|Any CPU.ActiveCfg = Debug|Any CPU
		{CE19FD29-7A0B-4C15-B532-C23CAEF9F2A2}.Debug|Any CPU.Build.0 = Debug|Any CPU
		{CE19FD29-7A0B-4C15-B532-C23CAEF9F2A2}.Release|Any CPU.ActiveCfg = Release|Any CPU
		{CE19FD29-7A0B-4C15-B532-C23CAEF9F2A2}.Release|Any CPU.Build.0 = Release|Any CPU
		{23BB9D39-78D5-442E-A390-BBC5E4414532}.Debug|Any CPU.ActiveCfg = Debug|Any CPU
		{23BB9D39-78D5-442E-A390-BBC5E4414532}.Debug|Any CPU.Build.0 = Debug|Any CPU
		{23BB9D39-78D5-442E-A390-BBC5E4414532}.Release|Any CPU.ActiveCfg = Release|Any CPU
		{23BB9D39-78D5-442E-A390-BBC5E4414532}.Release|Any CPU.Build.0 = Release|Any CPU
		{8E386B55-3BDF-4640-8487-15DF0F685827}.Debug|Any CPU.ActiveCfg = Debug|Any CPU
		{8E386B55-3BDF-4640-8487-15DF0F685827}.Debug|Any CPU.Build.0 = Debug|Any CPU
		{8E386B55-3BDF-4640-8487-15DF0F685827}.Release|Any CPU.ActiveCfg = Release|Any CPU
		{8E386B55-3BDF-4640-8487-15DF0F685827}.Release|Any CPU.Build.0 = Release|Any CPU
		{93A037C4-0A62-4D07-9BD9-BF9FAADDA3A5}.Debug|Any CPU.ActiveCfg = Debug|Any CPU
		{93A037C4-0A62-4D07-9BD9-BF9FAADDA3A5}.Debug|Any CPU.Build.0 = Debug|Any CPU
		{93A037C4-0A62-4D07-9BD9-BF9FAADDA3A5}.Release|Any CPU.ActiveCfg = Release|Any CPU
		{93A037C4-0A62-4D07-9BD9-BF9FAADDA3A5}.Release|Any CPU.Build.0 = Release|Any CPU
		{927F60C3-28E0-4857-AD45-E7F822376EB2}.Debug|Any CPU.ActiveCfg = Debug|Any CPU
		{927F60C3-28E0-4857-AD45-E7F822376EB2}.Debug|Any CPU.Build.0 = Debug|Any CPU
		{927F60C3-28E0-4857-AD45-E7F822376EB2}.Release|Any CPU.ActiveCfg = Release|Any CPU
		{927F60C3-28E0-4857-AD45-E7F822376EB2}.Release|Any CPU.Build.0 = Release|Any CPU
		{38BAC70C-1ED4-4815-857C-790FB53B5297}.Debug|Any CPU.ActiveCfg = Debug|Any CPU
		{38BAC70C-1ED4-4815-857C-790FB53B5297}.Debug|Any CPU.Build.0 = Debug|Any CPU
		{38BAC70C-1ED4-4815-857C-790FB53B5297}.Release|Any CPU.ActiveCfg = Release|Any CPU
		{38BAC70C-1ED4-4815-857C-790FB53B5297}.Release|Any CPU.Build.0 = Release|Any CPU
		{5E0B61A6-D161-4DA4-B064-16B28CABE120}.Debug|Any CPU.ActiveCfg = Debug|Any CPU
		{5E0B61A6-D161-4DA4-B064-16B28CABE120}.Debug|Any CPU.Build.0 = Debug|Any CPU
		{5E0B61A6-D161-4DA4-B064-16B28CABE120}.Release|Any CPU.ActiveCfg = Release|Any CPU
		{5E0B61A6-D161-4DA4-B064-16B28CABE120}.Release|Any CPU.Build.0 = Release|Any CPU
		{240D70B2-0420-4DCD-BFF2-4305388A82F9}.Debug|Any CPU.ActiveCfg = Debug|Any CPU
		{240D70B2-0420-4DCD-BFF2-4305388A82F9}.Debug|Any CPU.Build.0 = Debug|Any CPU
		{240D70B2-0420-4DCD-BFF2-4305388A82F9}.Release|Any CPU.ActiveCfg = Release|Any CPU
		{240D70B2-0420-4DCD-BFF2-4305388A82F9}.Release|Any CPU.Build.0 = Release|Any CPU
		{74B59C18-FF65-4E47-9155-2FC4A9E7441C}.Debug|Any CPU.ActiveCfg = Debug|Any CPU
		{74B59C18-FF65-4E47-9155-2FC4A9E7441C}.Debug|Any CPU.Build.0 = Debug|Any CPU
		{74B59C18-FF65-4E47-9155-2FC4A9E7441C}.Release|Any CPU.ActiveCfg = Release|Any CPU
		{74B59C18-FF65-4E47-9155-2FC4A9E7441C}.Release|Any CPU.Build.0 = Release|Any CPU
		{4BC22BA6-8CD8-4CB1-BFD7-5040B11B1BD2}.Debug|Any CPU.ActiveCfg = Debug|Any CPU
		{4BC22BA6-8CD8-4CB1-BFD7-5040B11B1BD2}.Debug|Any CPU.Build.0 = Debug|Any CPU
		{4BC22BA6-8CD8-4CB1-BFD7-5040B11B1BD2}.Release|Any CPU.ActiveCfg = Release|Any CPU
		{4BC22BA6-8CD8-4CB1-BFD7-5040B11B1BD2}.Release|Any CPU.Build.0 = Release|Any CPU
		{A4C9D281-F515-48DA-8B61-0FEF370DE153}.Debug|Any CPU.ActiveCfg = Debug|Any CPU
		{A4C9D281-F515-48DA-8B61-0FEF370DE153}.Debug|Any CPU.Build.0 = Debug|Any CPU
		{A4C9D281-F515-48DA-8B61-0FEF370DE153}.Release|Any CPU.ActiveCfg = Release|Any CPU
		{A4C9D281-F515-48DA-8B61-0FEF370DE153}.Release|Any CPU.Build.0 = Release|Any CPU
		{01B5D45F-92EE-4678-903A-8C2C4D19E656}.Debug|Any CPU.ActiveCfg = Debug|Any CPU
		{01B5D45F-92EE-4678-903A-8C2C4D19E656}.Debug|Any CPU.Build.0 = Debug|Any CPU
		{01B5D45F-92EE-4678-903A-8C2C4D19E656}.Release|Any CPU.ActiveCfg = Release|Any CPU
		{01B5D45F-92EE-4678-903A-8C2C4D19E656}.Release|Any CPU.Build.0 = Release|Any CPU
		{00F78243-7347-4561-9899-2B171355D1F0}.Debug|Any CPU.ActiveCfg = Debug|Any CPU
		{00F78243-7347-4561-9899-2B171355D1F0}.Debug|Any CPU.Build.0 = Debug|Any CPU
		{00F78243-7347-4561-9899-2B171355D1F0}.Release|Any CPU.ActiveCfg = Release|Any CPU
		{00F78243-7347-4561-9899-2B171355D1F0}.Release|Any CPU.Build.0 = Release|Any CPU
		{A9230EBB-8270-4C6C-A31D-48BC2B281E2C}.Debug|Any CPU.ActiveCfg = Debug|Any CPU
		{A9230EBB-8270-4C6C-A31D-48BC2B281E2C}.Debug|Any CPU.Build.0 = Debug|Any CPU
		{A9230EBB-8270-4C6C-A31D-48BC2B281E2C}.Release|Any CPU.ActiveCfg = Release|Any CPU
		{A9230EBB-8270-4C6C-A31D-48BC2B281E2C}.Release|Any CPU.Build.0 = Release|Any CPU
		{9D4D0F12-BB40-4063-93F0-BBFE8F09E272}.Debug|Any CPU.ActiveCfg = Debug|Any CPU
		{9D4D0F12-BB40-4063-93F0-BBFE8F09E272}.Debug|Any CPU.Build.0 = Debug|Any CPU
		{9D4D0F12-BB40-4063-93F0-BBFE8F09E272}.Release|Any CPU.ActiveCfg = Release|Any CPU
		{9D4D0F12-BB40-4063-93F0-BBFE8F09E272}.Release|Any CPU.Build.0 = Release|Any CPU
		{359A4D31-A95C-47EA-80D2-F4A883B2D3F6}.Debug|Any CPU.ActiveCfg = Debug|Any CPU
		{359A4D31-A95C-47EA-80D2-F4A883B2D3F6}.Debug|Any CPU.Build.0 = Debug|Any CPU
		{359A4D31-A95C-47EA-80D2-F4A883B2D3F6}.Release|Any CPU.ActiveCfg = Release|Any CPU
		{359A4D31-A95C-47EA-80D2-F4A883B2D3F6}.Release|Any CPU.Build.0 = Release|Any CPU
		{37028AE8-F67E-4DA6-A6A9-28E0E6359C82}.Debug|Any CPU.ActiveCfg = Debug|Any CPU
		{37028AE8-F67E-4DA6-A6A9-28E0E6359C82}.Debug|Any CPU.Build.0 = Debug|Any CPU
		{37028AE8-F67E-4DA6-A6A9-28E0E6359C82}.Release|Any CPU.ActiveCfg = Release|Any CPU
		{37028AE8-F67E-4DA6-A6A9-28E0E6359C82}.Release|Any CPU.Build.0 = Release|Any CPU
		{BB5B5FED-D2B4-46B1-94E1-22CABEBA0608}.Debug|Any CPU.ActiveCfg = Debug|Any CPU
		{BB5B5FED-D2B4-46B1-94E1-22CABEBA0608}.Debug|Any CPU.Build.0 = Debug|Any CPU
		{BB5B5FED-D2B4-46B1-94E1-22CABEBA0608}.Release|Any CPU.ActiveCfg = Release|Any CPU
		{BB5B5FED-D2B4-46B1-94E1-22CABEBA0608}.Release|Any CPU.Build.0 = Release|Any CPU
		{1939FF26-0C34-4CBC-90B6-011DA043A9E2}.Debug|Any CPU.ActiveCfg = Debug|Any CPU
		{1939FF26-0C34-4CBC-90B6-011DA043A9E2}.Debug|Any CPU.Build.0 = Debug|Any CPU
		{1939FF26-0C34-4CBC-90B6-011DA043A9E2}.Release|Any CPU.ActiveCfg = Release|Any CPU
		{1939FF26-0C34-4CBC-90B6-011DA043A9E2}.Release|Any CPU.Build.0 = Release|Any CPU
		{C61A43C3-7446-414D-8BCF-2A977B9D0B59}.Debug|Any CPU.ActiveCfg = Debug|Any CPU
		{C61A43C3-7446-414D-8BCF-2A977B9D0B59}.Debug|Any CPU.Build.0 = Debug|Any CPU
		{C61A43C3-7446-414D-8BCF-2A977B9D0B59}.Release|Any CPU.ActiveCfg = Release|Any CPU
		{C61A43C3-7446-414D-8BCF-2A977B9D0B59}.Release|Any CPU.Build.0 = Release|Any CPU
		{C06178AA-C8CE-4541-871C-EA81C601306B}.Debug|Any CPU.ActiveCfg = Debug|Any CPU
		{C06178AA-C8CE-4541-871C-EA81C601306B}.Debug|Any CPU.Build.0 = Debug|Any CPU
		{C06178AA-C8CE-4541-871C-EA81C601306B}.Release|Any CPU.ActiveCfg = Release|Any CPU
		{C06178AA-C8CE-4541-871C-EA81C601306B}.Release|Any CPU.Build.0 = Release|Any CPU
		{57BC4365-68C7-4B0B-9A06-7E56140B1126}.Debug|Any CPU.ActiveCfg = Debug|Any CPU
		{57BC4365-68C7-4B0B-9A06-7E56140B1126}.Debug|Any CPU.Build.0 = Debug|Any CPU
		{57BC4365-68C7-4B0B-9A06-7E56140B1126}.Release|Any CPU.ActiveCfg = Release|Any CPU
		{57BC4365-68C7-4B0B-9A06-7E56140B1126}.Release|Any CPU.Build.0 = Release|Any CPU
		{ABA53B56-1C7F-4EFD-923D-151CB5E93814}.Debug|Any CPU.ActiveCfg = Debug|Any CPU
		{ABA53B56-1C7F-4EFD-923D-151CB5E93814}.Debug|Any CPU.Build.0 = Debug|Any CPU
		{ABA53B56-1C7F-4EFD-923D-151CB5E93814}.Release|Any CPU.ActiveCfg = Release|Any CPU
		{ABA53B56-1C7F-4EFD-923D-151CB5E93814}.Release|Any CPU.Build.0 = Release|Any CPU
		{98C65532-95B1-474A-9348-559114E50592}.Debug|Any CPU.ActiveCfg = Debug|Any CPU
		{98C65532-95B1-474A-9348-559114E50592}.Debug|Any CPU.Build.0 = Debug|Any CPU
		{98C65532-95B1-474A-9348-559114E50592}.Release|Any CPU.ActiveCfg = Release|Any CPU
		{98C65532-95B1-474A-9348-559114E50592}.Release|Any CPU.Build.0 = Release|Any CPU
		{E6A97588-EFEC-4EFF-B2CD-BA63A76A0B34}.Debug|Any CPU.ActiveCfg = Debug|Any CPU
		{E6A97588-EFEC-4EFF-B2CD-BA63A76A0B34}.Debug|Any CPU.Build.0 = Debug|Any CPU
		{E6A97588-EFEC-4EFF-B2CD-BA63A76A0B34}.Release|Any CPU.ActiveCfg = Release|Any CPU
		{E6A97588-EFEC-4EFF-B2CD-BA63A76A0B34}.Release|Any CPU.Build.0 = Release|Any CPU
		{49761F73-F06D-4B8B-A7D7-09804F6125CE}.Debug|Any CPU.ActiveCfg = Debug|Any CPU
		{49761F73-F06D-4B8B-A7D7-09804F6125CE}.Debug|Any CPU.Build.0 = Debug|Any CPU
		{49761F73-F06D-4B8B-A7D7-09804F6125CE}.Release|Any CPU.ActiveCfg = Release|Any CPU
		{49761F73-F06D-4B8B-A7D7-09804F6125CE}.Release|Any CPU.Build.0 = Release|Any CPU
		{5F4DC1A6-C317-4E82-B1B6-B8501322A625}.Debug|Any CPU.ActiveCfg = Debug|Any CPU
		{5F4DC1A6-C317-4E82-B1B6-B8501322A625}.Debug|Any CPU.Build.0 = Debug|Any CPU
		{5F4DC1A6-C317-4E82-B1B6-B8501322A625}.Release|Any CPU.ActiveCfg = Release|Any CPU
		{5F4DC1A6-C317-4E82-B1B6-B8501322A625}.Release|Any CPU.Build.0 = Release|Any CPU
		{AB073C4C-0597-4D54-8C46-7C8E3B18C62D}.Debug|Any CPU.ActiveCfg = Debug|Any CPU
		{AB073C4C-0597-4D54-8C46-7C8E3B18C62D}.Debug|Any CPU.Build.0 = Debug|Any CPU
		{AB073C4C-0597-4D54-8C46-7C8E3B18C62D}.Release|Any CPU.ActiveCfg = Release|Any CPU
		{AB073C4C-0597-4D54-8C46-7C8E3B18C62D}.Release|Any CPU.Build.0 = Release|Any CPU
		{6DA3F0D6-CA75-4701-B334-A4DAEDBA0289}.Debug|Any CPU.ActiveCfg = Debug|Any CPU
		{6DA3F0D6-CA75-4701-B334-A4DAEDBA0289}.Debug|Any CPU.Build.0 = Debug|Any CPU
		{6DA3F0D6-CA75-4701-B334-A4DAEDBA0289}.Release|Any CPU.ActiveCfg = Release|Any CPU
		{6DA3F0D6-CA75-4701-B334-A4DAEDBA0289}.Release|Any CPU.Build.0 = Release|Any CPU
		{54DD54A2-C221-4E26-97A4-4A05DAFC1B0D}.Debug|Any CPU.ActiveCfg = Debug|Any CPU
		{54DD54A2-C221-4E26-97A4-4A05DAFC1B0D}.Debug|Any CPU.Build.0 = Debug|Any CPU
		{54DD54A2-C221-4E26-97A4-4A05DAFC1B0D}.Release|Any CPU.ActiveCfg = Release|Any CPU
		{54DD54A2-C221-4E26-97A4-4A05DAFC1B0D}.Release|Any CPU.Build.0 = Release|Any CPU
		{387E6960-7490-4A88-9D97-D967FA1232F0}.Debug|Any CPU.ActiveCfg = Debug|Any CPU
		{387E6960-7490-4A88-9D97-D967FA1232F0}.Debug|Any CPU.Build.0 = Debug|Any CPU
		{387E6960-7490-4A88-9D97-D967FA1232F0}.Release|Any CPU.ActiveCfg = Release|Any CPU
		{387E6960-7490-4A88-9D97-D967FA1232F0}.Release|Any CPU.Build.0 = Release|Any CPU
		{88868F92-1E87-434C-BB6B-4C2055568654}.Debug|Any CPU.ActiveCfg = Debug|Any CPU
		{88868F92-1E87-434C-BB6B-4C2055568654}.Debug|Any CPU.Build.0 = Debug|Any CPU
		{88868F92-1E87-434C-BB6B-4C2055568654}.Release|Any CPU.ActiveCfg = Release|Any CPU
		{88868F92-1E87-434C-BB6B-4C2055568654}.Release|Any CPU.Build.0 = Release|Any CPU
		{50811144-2C3C-42EA-830F-06063216DB8E}.Debug|Any CPU.ActiveCfg = Debug|Any CPU
		{50811144-2C3C-42EA-830F-06063216DB8E}.Debug|Any CPU.Build.0 = Debug|Any CPU
		{50811144-2C3C-42EA-830F-06063216DB8E}.Release|Any CPU.ActiveCfg = Release|Any CPU
		{50811144-2C3C-42EA-830F-06063216DB8E}.Release|Any CPU.Build.0 = Release|Any CPU
		{ED5BDD55-2F66-4475-8C2D-A5FF3927760F}.Debug|Any CPU.ActiveCfg = Debug|Any CPU
		{ED5BDD55-2F66-4475-8C2D-A5FF3927760F}.Debug|Any CPU.Build.0 = Debug|Any CPU
		{ED5BDD55-2F66-4475-8C2D-A5FF3927760F}.Release|Any CPU.ActiveCfg = Release|Any CPU
		{ED5BDD55-2F66-4475-8C2D-A5FF3927760F}.Release|Any CPU.Build.0 = Release|Any CPU
		{DE3E145F-77C1-464E-8D0A-65E1CE0296F7}.Debug|Any CPU.ActiveCfg = Debug|Any CPU
		{DE3E145F-77C1-464E-8D0A-65E1CE0296F7}.Debug|Any CPU.Build.0 = Debug|Any CPU
		{DE3E145F-77C1-464E-8D0A-65E1CE0296F7}.Release|Any CPU.ActiveCfg = Release|Any CPU
		{DE3E145F-77C1-464E-8D0A-65E1CE0296F7}.Release|Any CPU.Build.0 = Release|Any CPU
		{A2AD3D5C-5796-4DBA-B2D2-85CB76BD546A}.Debug|Any CPU.ActiveCfg = Debug|Any CPU
		{A2AD3D5C-5796-4DBA-B2D2-85CB76BD546A}.Debug|Any CPU.Build.0 = Debug|Any CPU
		{A2AD3D5C-5796-4DBA-B2D2-85CB76BD546A}.Release|Any CPU.ActiveCfg = Release|Any CPU
		{A2AD3D5C-5796-4DBA-B2D2-85CB76BD546A}.Release|Any CPU.Build.0 = Release|Any CPU
		{EDBDAF20-E4F1-407B-B246-025B7C859CE4}.Debug|Any CPU.ActiveCfg = Debug|Any CPU
		{EDBDAF20-E4F1-407B-B246-025B7C859CE4}.Debug|Any CPU.Build.0 = Debug|Any CPU
		{EDBDAF20-E4F1-407B-B246-025B7C859CE4}.Release|Any CPU.ActiveCfg = Release|Any CPU
		{EDBDAF20-E4F1-407B-B246-025B7C859CE4}.Release|Any CPU.Build.0 = Release|Any CPU
		{D054DF57-E5CB-44EF-9706-35E8A9559FDF}.Debug|Any CPU.ActiveCfg = Debug|Any CPU
		{D054DF57-E5CB-44EF-9706-35E8A9559FDF}.Debug|Any CPU.Build.0 = Debug|Any CPU
		{D054DF57-E5CB-44EF-9706-35E8A9559FDF}.Release|Any CPU.ActiveCfg = Release|Any CPU
		{D054DF57-E5CB-44EF-9706-35E8A9559FDF}.Release|Any CPU.Build.0 = Release|Any CPU
		{5219B29C-6C99-4764-8006-BA527082D611}.Debug|Any CPU.ActiveCfg = Debug|Any CPU
		{5219B29C-6C99-4764-8006-BA527082D611}.Debug|Any CPU.Build.0 = Debug|Any CPU
		{5219B29C-6C99-4764-8006-BA527082D611}.Release|Any CPU.ActiveCfg = Release|Any CPU
		{5219B29C-6C99-4764-8006-BA527082D611}.Release|Any CPU.Build.0 = Release|Any CPU
		{7C1A177A-D7A9-4799-8566-58C6BE0637F4}.Debug|Any CPU.ActiveCfg = Debug|Any CPU
		{7C1A177A-D7A9-4799-8566-58C6BE0637F4}.Debug|Any CPU.Build.0 = Debug|Any CPU
		{7C1A177A-D7A9-4799-8566-58C6BE0637F4}.Release|Any CPU.ActiveCfg = Release|Any CPU
		{7C1A177A-D7A9-4799-8566-58C6BE0637F4}.Release|Any CPU.Build.0 = Release|Any CPU
		{7D37481A-79BF-4E5B-B266-5EC2A89E1B16}.Debug|Any CPU.ActiveCfg = Debug|Any CPU
		{7D37481A-79BF-4E5B-B266-5EC2A89E1B16}.Debug|Any CPU.Build.0 = Debug|Any CPU
		{7D37481A-79BF-4E5B-B266-5EC2A89E1B16}.Release|Any CPU.ActiveCfg = Release|Any CPU
		{7D37481A-79BF-4E5B-B266-5EC2A89E1B16}.Release|Any CPU.Build.0 = Release|Any CPU
		{FE8130C0-AE16-4513-BA67-0384B43E7808}.Debug|Any CPU.ActiveCfg = Debug|Any CPU
		{FE8130C0-AE16-4513-BA67-0384B43E7808}.Debug|Any CPU.Build.0 = Debug|Any CPU
		{FE8130C0-AE16-4513-BA67-0384B43E7808}.Release|Any CPU.ActiveCfg = Release|Any CPU
		{FE8130C0-AE16-4513-BA67-0384B43E7808}.Release|Any CPU.Build.0 = Release|Any CPU
		{55BDFB1F-75A0-4ADF-8039-D578AD7B107F}.Debug|Any CPU.ActiveCfg = Debug|Any CPU
		{55BDFB1F-75A0-4ADF-8039-D578AD7B107F}.Debug|Any CPU.Build.0 = Debug|Any CPU
		{55BDFB1F-75A0-4ADF-8039-D578AD7B107F}.Release|Any CPU.ActiveCfg = Release|Any CPU
		{55BDFB1F-75A0-4ADF-8039-D578AD7B107F}.Release|Any CPU.Build.0 = Release|Any CPU
		{DECC4E04-C1D3-42CB-9F09-F0234E0223EF}.Debug|Any CPU.ActiveCfg = Debug|Any CPU
		{DECC4E04-C1D3-42CB-9F09-F0234E0223EF}.Debug|Any CPU.Build.0 = Debug|Any CPU
		{DECC4E04-C1D3-42CB-9F09-F0234E0223EF}.Release|Any CPU.ActiveCfg = Release|Any CPU
		{DECC4E04-C1D3-42CB-9F09-F0234E0223EF}.Release|Any CPU.Build.0 = Release|Any CPU
		{C5DCE028-235F-40BE-8279-EC3818C5D017}.Debug|Any CPU.ActiveCfg = Debug|Any CPU
		{C5DCE028-235F-40BE-8279-EC3818C5D017}.Debug|Any CPU.Build.0 = Debug|Any CPU
		{C5DCE028-235F-40BE-8279-EC3818C5D017}.Release|Any CPU.ActiveCfg = Release|Any CPU
		{C5DCE028-235F-40BE-8279-EC3818C5D017}.Release|Any CPU.Build.0 = Release|Any CPU
		{D6A954DF-BAF9-4478-B322-AD01C56B7340}.Debug|Any CPU.ActiveCfg = Debug|Any CPU
		{D6A954DF-BAF9-4478-B322-AD01C56B7340}.Debug|Any CPU.Build.0 = Debug|Any CPU
		{D6A954DF-BAF9-4478-B322-AD01C56B7340}.Release|Any CPU.ActiveCfg = Release|Any CPU
		{D6A954DF-BAF9-4478-B322-AD01C56B7340}.Release|Any CPU.Build.0 = Release|Any CPU
		{011F3DE6-7C9E-461E-B9D9-F8DAB110791F}.Debug|Any CPU.ActiveCfg = Debug|Any CPU
		{011F3DE6-7C9E-461E-B9D9-F8DAB110791F}.Debug|Any CPU.Build.0 = Debug|Any CPU
		{011F3DE6-7C9E-461E-B9D9-F8DAB110791F}.Release|Any CPU.ActiveCfg = Release|Any CPU
		{011F3DE6-7C9E-461E-B9D9-F8DAB110791F}.Release|Any CPU.Build.0 = Release|Any CPU
		{416DBAC4-E7F9-4C8F-BBE9-082F3E53D18D}.Debug|Any CPU.ActiveCfg = Debug|Any CPU
		{416DBAC4-E7F9-4C8F-BBE9-082F3E53D18D}.Debug|Any CPU.Build.0 = Debug|Any CPU
		{416DBAC4-E7F9-4C8F-BBE9-082F3E53D18D}.Release|Any CPU.ActiveCfg = Release|Any CPU
		{416DBAC4-E7F9-4C8F-BBE9-082F3E53D18D}.Release|Any CPU.Build.0 = Release|Any CPU
		{7BD30D70-392E-4DC5-8D7D-4B0817186553}.Debug|Any CPU.ActiveCfg = Debug|Any CPU
		{7BD30D70-392E-4DC5-8D7D-4B0817186553}.Debug|Any CPU.Build.0 = Debug|Any CPU
		{7BD30D70-392E-4DC5-8D7D-4B0817186553}.Release|Any CPU.ActiveCfg = Release|Any CPU
		{7BD30D70-392E-4DC5-8D7D-4B0817186553}.Release|Any CPU.Build.0 = Release|Any CPU
		{5AE1C688-A5DE-48D1-ADE4-FBD37DA99395}.Debug|Any CPU.ActiveCfg = Debug|Any CPU
		{5AE1C688-A5DE-48D1-ADE4-FBD37DA99395}.Debug|Any CPU.Build.0 = Debug|Any CPU
		{5AE1C688-A5DE-48D1-ADE4-FBD37DA99395}.Release|Any CPU.ActiveCfg = Release|Any CPU
		{5AE1C688-A5DE-48D1-ADE4-FBD37DA99395}.Release|Any CPU.Build.0 = Release|Any CPU
		{5FA8CF40-883A-42B1-99CE-78920F23E141}.Debug|Any CPU.ActiveCfg = Debug|Any CPU
		{5FA8CF40-883A-42B1-99CE-78920F23E141}.Debug|Any CPU.Build.0 = Debug|Any CPU
		{5FA8CF40-883A-42B1-99CE-78920F23E141}.Release|Any CPU.ActiveCfg = Release|Any CPU
		{5FA8CF40-883A-42B1-99CE-78920F23E141}.Release|Any CPU.Build.0 = Release|Any CPU
		{C3E0B8B9-CF91-4928-B366-A9F81067D171}.Debug|Any CPU.ActiveCfg = Debug|Any CPU
		{C3E0B8B9-CF91-4928-B366-A9F81067D171}.Debug|Any CPU.Build.0 = Debug|Any CPU
		{C3E0B8B9-CF91-4928-B366-A9F81067D171}.Release|Any CPU.ActiveCfg = Release|Any CPU
		{C3E0B8B9-CF91-4928-B366-A9F81067D171}.Release|Any CPU.Build.0 = Release|Any CPU
		{E8CD7BA1-20B1-4116-81A3-1135753944C3}.Debug|Any CPU.ActiveCfg = Debug|Any CPU
		{E8CD7BA1-20B1-4116-81A3-1135753944C3}.Debug|Any CPU.Build.0 = Debug|Any CPU
		{E8CD7BA1-20B1-4116-81A3-1135753944C3}.Release|Any CPU.ActiveCfg = Release|Any CPU
		{E8CD7BA1-20B1-4116-81A3-1135753944C3}.Release|Any CPU.Build.0 = Release|Any CPU
		{F787B54F-9533-4041-B35B-B24A2042C4F4}.Debug|Any CPU.ActiveCfg = Debug|Any CPU
		{F787B54F-9533-4041-B35B-B24A2042C4F4}.Debug|Any CPU.Build.0 = Debug|Any CPU
		{F787B54F-9533-4041-B35B-B24A2042C4F4}.Release|Any CPU.ActiveCfg = Release|Any CPU
		{F787B54F-9533-4041-B35B-B24A2042C4F4}.Release|Any CPU.Build.0 = Release|Any CPU
		{141A1760-8464-4C57-9235-4BDF587805DC}.Debug|Any CPU.ActiveCfg = Debug|Any CPU
		{141A1760-8464-4C57-9235-4BDF587805DC}.Debug|Any CPU.Build.0 = Debug|Any CPU
		{141A1760-8464-4C57-9235-4BDF587805DC}.Release|Any CPU.ActiveCfg = Release|Any CPU
		{141A1760-8464-4C57-9235-4BDF587805DC}.Release|Any CPU.Build.0 = Release|Any CPU
		{B132FC34-BAE8-47D1-9D0B-983ECC562DB3}.Debug|Any CPU.ActiveCfg = Debug|Any CPU
		{B132FC34-BAE8-47D1-9D0B-983ECC562DB3}.Debug|Any CPU.Build.0 = Debug|Any CPU
		{B132FC34-BAE8-47D1-9D0B-983ECC562DB3}.Release|Any CPU.ActiveCfg = Release|Any CPU
		{B132FC34-BAE8-47D1-9D0B-983ECC562DB3}.Release|Any CPU.Build.0 = Release|Any CPU
		{77028128-0C7C-441E-99D0-BB8445B5040C}.Debug|Any CPU.ActiveCfg = Debug|Any CPU
		{77028128-0C7C-441E-99D0-BB8445B5040C}.Debug|Any CPU.Build.0 = Debug|Any CPU
		{77028128-0C7C-441E-99D0-BB8445B5040C}.Release|Any CPU.ActiveCfg = Release|Any CPU
		{77028128-0C7C-441E-99D0-BB8445B5040C}.Release|Any CPU.Build.0 = Release|Any CPU
		{8E39DCCD-3257-42C1-B7A7-84435C049950}.Debug|Any CPU.ActiveCfg = Debug|Any CPU
		{8E39DCCD-3257-42C1-B7A7-84435C049950}.Debug|Any CPU.Build.0 = Debug|Any CPU
		{8E39DCCD-3257-42C1-B7A7-84435C049950}.Release|Any CPU.ActiveCfg = Release|Any CPU
		{8E39DCCD-3257-42C1-B7A7-84435C049950}.Release|Any CPU.Build.0 = Release|Any CPU
		{81372CE3-E11D-4D29-B93F-7E59006D38F4}.Debug|Any CPU.ActiveCfg = Debug|Any CPU
		{81372CE3-E11D-4D29-B93F-7E59006D38F4}.Debug|Any CPU.Build.0 = Debug|Any CPU
		{81372CE3-E11D-4D29-B93F-7E59006D38F4}.Release|Any CPU.ActiveCfg = Release|Any CPU
		{81372CE3-E11D-4D29-B93F-7E59006D38F4}.Release|Any CPU.Build.0 = Release|Any CPU
		{938BD875-0DA6-4502-ADA9-B034E3420F7B}.Debug|Any CPU.ActiveCfg = Debug|Any CPU
		{938BD875-0DA6-4502-ADA9-B034E3420F7B}.Debug|Any CPU.Build.0 = Debug|Any CPU
		{938BD875-0DA6-4502-ADA9-B034E3420F7B}.Release|Any CPU.ActiveCfg = Release|Any CPU
		{938BD875-0DA6-4502-ADA9-B034E3420F7B}.Release|Any CPU.Build.0 = Release|Any CPU
		{43170A30-D88A-4346-A506-2254185B98A0}.Debug|Any CPU.ActiveCfg = Debug|Any CPU
		{43170A30-D88A-4346-A506-2254185B98A0}.Debug|Any CPU.Build.0 = Debug|Any CPU
		{43170A30-D88A-4346-A506-2254185B98A0}.Release|Any CPU.ActiveCfg = Release|Any CPU
		{43170A30-D88A-4346-A506-2254185B98A0}.Release|Any CPU.Build.0 = Release|Any CPU
		{B6ED2094-1E6F-4D81-9D19-03ACE89BC330}.Debug|Any CPU.ActiveCfg = Debug|Any CPU
		{B6ED2094-1E6F-4D81-9D19-03ACE89BC330}.Debug|Any CPU.Build.0 = Debug|Any CPU
		{B6ED2094-1E6F-4D81-9D19-03ACE89BC330}.Release|Any CPU.ActiveCfg = Release|Any CPU
		{B6ED2094-1E6F-4D81-9D19-03ACE89BC330}.Release|Any CPU.Build.0 = Release|Any CPU
		{1674532A-404A-4382-BAAF-C02C97129294}.Debug|Any CPU.ActiveCfg = Debug|Any CPU
		{1674532A-404A-4382-BAAF-C02C97129294}.Debug|Any CPU.Build.0 = Debug|Any CPU
		{1674532A-404A-4382-BAAF-C02C97129294}.Release|Any CPU.ActiveCfg = Release|Any CPU
		{1674532A-404A-4382-BAAF-C02C97129294}.Release|Any CPU.Build.0 = Release|Any CPU
		{629650FE-4002-4289-AB55-91828D7587DC}.Debug|Any CPU.ActiveCfg = Debug|Any CPU
		{629650FE-4002-4289-AB55-91828D7587DC}.Debug|Any CPU.Build.0 = Debug|Any CPU
		{629650FE-4002-4289-AB55-91828D7587DC}.Release|Any CPU.ActiveCfg = Release|Any CPU
		{629650FE-4002-4289-AB55-91828D7587DC}.Release|Any CPU.Build.0 = Release|Any CPU
		{55459738-B330-4109-8C11-428F08EE375F}.Debug|Any CPU.ActiveCfg = Debug|Any CPU
		{55459738-B330-4109-8C11-428F08EE375F}.Debug|Any CPU.Build.0 = Debug|Any CPU
		{55459738-B330-4109-8C11-428F08EE375F}.Release|Any CPU.ActiveCfg = Release|Any CPU
		{55459738-B330-4109-8C11-428F08EE375F}.Release|Any CPU.Build.0 = Release|Any CPU
		{EA06CCA1-65F4-43C8-9EF2-BC3D1144DC2A}.Debug|Any CPU.ActiveCfg = Debug|Any CPU
		{EA06CCA1-65F4-43C8-9EF2-BC3D1144DC2A}.Debug|Any CPU.Build.0 = Debug|Any CPU
		{EA06CCA1-65F4-43C8-9EF2-BC3D1144DC2A}.Release|Any CPU.ActiveCfg = Release|Any CPU
		{EA06CCA1-65F4-43C8-9EF2-BC3D1144DC2A}.Release|Any CPU.Build.0 = Release|Any CPU
		{19251832-291E-4F8E-A2B3-1547BB971253}.Debug|Any CPU.ActiveCfg = Debug|Any CPU
		{19251832-291E-4F8E-A2B3-1547BB971253}.Debug|Any CPU.Build.0 = Debug|Any CPU
		{19251832-291E-4F8E-A2B3-1547BB971253}.Release|Any CPU.ActiveCfg = Release|Any CPU
		{19251832-291E-4F8E-A2B3-1547BB971253}.Release|Any CPU.Build.0 = Release|Any CPU
		{E555B047-632E-440A-AE87-C624C20E9536}.Debug|Any CPU.ActiveCfg = Debug|Any CPU
		{E555B047-632E-440A-AE87-C624C20E9536}.Debug|Any CPU.Build.0 = Debug|Any CPU
		{E555B047-632E-440A-AE87-C624C20E9536}.Release|Any CPU.ActiveCfg = Release|Any CPU
		{E555B047-632E-440A-AE87-C624C20E9536}.Release|Any CPU.Build.0 = Release|Any CPU
		{A2B8FC2A-CB7B-41DF-A03B-30CECD17BA97}.Debug|Any CPU.ActiveCfg = Debug|Any CPU
		{A2B8FC2A-CB7B-41DF-A03B-30CECD17BA97}.Debug|Any CPU.Build.0 = Debug|Any CPU
		{A2B8FC2A-CB7B-41DF-A03B-30CECD17BA97}.Release|Any CPU.ActiveCfg = Release|Any CPU
		{A2B8FC2A-CB7B-41DF-A03B-30CECD17BA97}.Release|Any CPU.Build.0 = Release|Any CPU
		{28AA30E8-5E3C-407F-9121-490BA6A493A9}.Debug|Any CPU.ActiveCfg = Debug|Any CPU
		{28AA30E8-5E3C-407F-9121-490BA6A493A9}.Debug|Any CPU.Build.0 = Debug|Any CPU
		{28AA30E8-5E3C-407F-9121-490BA6A493A9}.Release|Any CPU.ActiveCfg = Release|Any CPU
		{28AA30E8-5E3C-407F-9121-490BA6A493A9}.Release|Any CPU.Build.0 = Release|Any CPU
	EndGlobalSection
	GlobalSection(SolutionProperties) = preSolution
		HideSolutionNode = FALSE
	EndGlobalSection
	GlobalSection(NestedProjects) = preSolution
		{5F7ACFBB-CCD3-4CF8-916D-CF84D120EA0B} = {110E9B7D-2215-4E9E-9BAB-3B62069A27E9}
		{E708D591-687A-4B35-8DC8-A17E302B5789} = {110E9B7D-2215-4E9E-9BAB-3B62069A27E9}
		{DBAF0772-748B-4F37-8C07-DC60272F3757} = {110E9B7D-2215-4E9E-9BAB-3B62069A27E9}
		{DA36E8B8-0BEF-4AA2-991D-537F5261E0F3} = {110E9B7D-2215-4E9E-9BAB-3B62069A27E9}
		{D6EA6CCB-19C9-4880-B86E-E97AA75B1E03} = {110E9B7D-2215-4E9E-9BAB-3B62069A27E9}
		{CE19FD29-7A0B-4C15-B532-C23CAEF9F2A2} = {110E9B7D-2215-4E9E-9BAB-3B62069A27E9}
		{23BB9D39-78D5-442E-A390-BBC5E4414532} = {110E9B7D-2215-4E9E-9BAB-3B62069A27E9}
		{8E386B55-3BDF-4640-8487-15DF0F685827} = {110E9B7D-2215-4E9E-9BAB-3B62069A27E9}
		{93A037C4-0A62-4D07-9BD9-BF9FAADDA3A5} = {585BAD23-3EC2-4795-B59C-61E18688A5B0}
		{844FE7DE-C116-4C02-B1C6-22AEB61B2657} = {718FE80A-961C-4E6C-B0B8-5281E8E72437}
		{CAEF1A51-F54F-4F0A-80E7-0C4CB1C26DAE} = {718FE80A-961C-4E6C-B0B8-5281E8E72437}
		{BC3F9C46-9F9C-4CDF-B435-2DE28ADE1CFC} = {718FE80A-961C-4E6C-B0B8-5281E8E72437}
		{6A297ABE-E911-4FD9-83A7-280238D5F07C} = {718FE80A-961C-4E6C-B0B8-5281E8E72437}
		{A8A82B98-079D-4CB0-8C10-B462E7CA366D} = {718FE80A-961C-4E6C-B0B8-5281E8E72437}
		{9AB4DA80-8876-4195-A715-2AC34E188199} = {718FE80A-961C-4E6C-B0B8-5281E8E72437}
		{F01A9F91-6211-4AA0-A637-A08D8AB8661C} = {718FE80A-961C-4E6C-B0B8-5281E8E72437}
		{36E71D28-16DD-41F3-B4DC-3B9E3B66F464} = {718FE80A-961C-4E6C-B0B8-5281E8E72437}
		{FFB2A838-63AD-4F55-B808-60BF6B9C3FC0} = {718FE80A-961C-4E6C-B0B8-5281E8E72437}
		{10884D0B-9799-4CC3-9C41-CF02E7389A02} = {718FE80A-961C-4E6C-B0B8-5281E8E72437}
		{3D589FA1-0356-49D9-9E28-E006CCF73560} = {718FE80A-961C-4E6C-B0B8-5281E8E72437}
		{BF68CC37-CE62-41CE-8B0F-BA7CD5F3D987} = {718FE80A-961C-4E6C-B0B8-5281E8E72437}
		{927F60C3-28E0-4857-AD45-E7F822376EB2} = {CAEF1A51-F54F-4F0A-80E7-0C4CB1C26DAE}
		{38BAC70C-1ED4-4815-857C-790FB53B5297} = {CAEF1A51-F54F-4F0A-80E7-0C4CB1C26DAE}
		{5E0B61A6-D161-4DA4-B064-16B28CABE120} = {844FE7DE-C116-4C02-B1C6-22AEB61B2657}
		{240D70B2-0420-4DCD-BFF2-4305388A82F9} = {BC3F9C46-9F9C-4CDF-B435-2DE28ADE1CFC}
		{74B59C18-FF65-4E47-9155-2FC4A9E7441C} = {BC3F9C46-9F9C-4CDF-B435-2DE28ADE1CFC}
		{4BC22BA6-8CD8-4CB1-BFD7-5040B11B1BD2} = {BC3F9C46-9F9C-4CDF-B435-2DE28ADE1CFC}
		{A4C9D281-F515-48DA-8B61-0FEF370DE153} = {BC3F9C46-9F9C-4CDF-B435-2DE28ADE1CFC}
		{01B5D45F-92EE-4678-903A-8C2C4D19E656} = {BC3F9C46-9F9C-4CDF-B435-2DE28ADE1CFC}
		{00F78243-7347-4561-9899-2B171355D1F0} = {6A297ABE-E911-4FD9-83A7-280238D5F07C}
		{A9230EBB-8270-4C6C-A31D-48BC2B281E2C} = {6A297ABE-E911-4FD9-83A7-280238D5F07C}
		{9D4D0F12-BB40-4063-93F0-BBFE8F09E272} = {6A297ABE-E911-4FD9-83A7-280238D5F07C}
		{359A4D31-A95C-47EA-80D2-F4A883B2D3F6} = {A8A82B98-079D-4CB0-8C10-B462E7CA366D}
		{37028AE8-F67E-4DA6-A6A9-28E0E6359C82} = {A8A82B98-079D-4CB0-8C10-B462E7CA366D}
		{BB5B5FED-D2B4-46B1-94E1-22CABEBA0608} = {A8A82B98-079D-4CB0-8C10-B462E7CA366D}
		{1939FF26-0C34-4CBC-90B6-011DA043A9E2} = {9AB4DA80-8876-4195-A715-2AC34E188199}
		{C61A43C3-7446-414D-8BCF-2A977B9D0B59} = {9AB4DA80-8876-4195-A715-2AC34E188199}
		{C06178AA-C8CE-4541-871C-EA81C601306B} = {9AB4DA80-8876-4195-A715-2AC34E188199}
		{57BC4365-68C7-4B0B-9A06-7E56140B1126} = {F01A9F91-6211-4AA0-A637-A08D8AB8661C}
		{ABA53B56-1C7F-4EFD-923D-151CB5E93814} = {F01A9F91-6211-4AA0-A637-A08D8AB8661C}
		{98C65532-95B1-474A-9348-559114E50592} = {F01A9F91-6211-4AA0-A637-A08D8AB8661C}
		{E6A97588-EFEC-4EFF-B2CD-BA63A76A0B34} = {F01A9F91-6211-4AA0-A637-A08D8AB8661C}
		{49761F73-F06D-4B8B-A7D7-09804F6125CE} = {36E71D28-16DD-41F3-B4DC-3B9E3B66F464}
		{5F4DC1A6-C317-4E82-B1B6-B8501322A625} = {36E71D28-16DD-41F3-B4DC-3B9E3B66F464}
		{AB073C4C-0597-4D54-8C46-7C8E3B18C62D} = {36E71D28-16DD-41F3-B4DC-3B9E3B66F464}
		{6DA3F0D6-CA75-4701-B334-A4DAEDBA0289} = {36E71D28-16DD-41F3-B4DC-3B9E3B66F464}
		{54DD54A2-C221-4E26-97A4-4A05DAFC1B0D} = {FFB2A838-63AD-4F55-B808-60BF6B9C3FC0}
		{387E6960-7490-4A88-9D97-D967FA1232F0} = {FFB2A838-63AD-4F55-B808-60BF6B9C3FC0}
		{88868F92-1E87-434C-BB6B-4C2055568654} = {10884D0B-9799-4CC3-9C41-CF02E7389A02}
		{50811144-2C3C-42EA-830F-06063216DB8E} = {10884D0B-9799-4CC3-9C41-CF02E7389A02}
		{ED5BDD55-2F66-4475-8C2D-A5FF3927760F} = {10884D0B-9799-4CC3-9C41-CF02E7389A02}
		{DE3E145F-77C1-464E-8D0A-65E1CE0296F7} = {10884D0B-9799-4CC3-9C41-CF02E7389A02}
		{A2AD3D5C-5796-4DBA-B2D2-85CB76BD546A} = {3D589FA1-0356-49D9-9E28-E006CCF73560}
		{EDBDAF20-E4F1-407B-B246-025B7C859CE4} = {3D589FA1-0356-49D9-9E28-E006CCF73560}
		{D054DF57-E5CB-44EF-9706-35E8A9559FDF} = {3D589FA1-0356-49D9-9E28-E006CCF73560}
		{5219B29C-6C99-4764-8006-BA527082D611} = {3D589FA1-0356-49D9-9E28-E006CCF73560}
		{7C1A177A-D7A9-4799-8566-58C6BE0637F4} = {3D589FA1-0356-49D9-9E28-E006CCF73560}
		{7D37481A-79BF-4E5B-B266-5EC2A89E1B16} = {BF68CC37-CE62-41CE-8B0F-BA7CD5F3D987}
		{FE8130C0-AE16-4513-BA67-0384B43E7808} = {BF68CC37-CE62-41CE-8B0F-BA7CD5F3D987}
		{55BDFB1F-75A0-4ADF-8039-D578AD7B107F} = {BF68CC37-CE62-41CE-8B0F-BA7CD5F3D987}
		{DECC4E04-C1D3-42CB-9F09-F0234E0223EF} = {BF68CC37-CE62-41CE-8B0F-BA7CD5F3D987}
		{3594B234-D67E-49AB-B47A-0EEF0B310D81} = {C826BE41-9E1C-411E-997B-8BECF4A379B4}
		{C5DCE028-235F-40BE-8279-EC3818C5D017} = {3594B234-D67E-49AB-B47A-0EEF0B310D81}
		{4BE943C4-B4D8-4815-AFC7-E9B56274EB21} = {718FE80A-961C-4E6C-B0B8-5281E8E72437}
		{D6A954DF-BAF9-4478-B322-AD01C56B7340} = {4BE943C4-B4D8-4815-AFC7-E9B56274EB21}
		{011F3DE6-7C9E-461E-B9D9-F8DAB110791F} = {4BE943C4-B4D8-4815-AFC7-E9B56274EB21}
		{416DBAC4-E7F9-4C8F-BBE9-082F3E53D18D} = {4BE943C4-B4D8-4815-AFC7-E9B56274EB21}
		{C2B41751-FA97-451D-8BF3-18A7024F26E1} = {718FE80A-961C-4E6C-B0B8-5281E8E72437}
		{7BD30D70-392E-4DC5-8D7D-4B0817186553} = {C2B41751-FA97-451D-8BF3-18A7024F26E1}
		{5AE1C688-A5DE-48D1-ADE4-FBD37DA99395} = {C2B41751-FA97-451D-8BF3-18A7024F26E1}
		{21122BE5-EB8F-4BD9-8E3D-0E1C70E57011} = {718FE80A-961C-4E6C-B0B8-5281E8E72437}
		{5FA8CF40-883A-42B1-99CE-78920F23E141} = {21122BE5-EB8F-4BD9-8E3D-0E1C70E57011}
		{C3E0B8B9-CF91-4928-B366-A9F81067D171} = {21122BE5-EB8F-4BD9-8E3D-0E1C70E57011}
		{E8CD7BA1-20B1-4116-81A3-1135753944C3} = {21122BE5-EB8F-4BD9-8E3D-0E1C70E57011}
		{34272A72-FB18-4C86-959A-D34F346CB6AE} = {718FE80A-961C-4E6C-B0B8-5281E8E72437}
		{F787B54F-9533-4041-B35B-B24A2042C4F4} = {34272A72-FB18-4C86-959A-D34F346CB6AE}
		{141A1760-8464-4C57-9235-4BDF587805DC} = {34272A72-FB18-4C86-959A-D34F346CB6AE}
		{3C178778-2DEE-454B-B7DE-8331D2839C01} = {718FE80A-961C-4E6C-B0B8-5281E8E72437}
		{B132FC34-BAE8-47D1-9D0B-983ECC562DB3} = {3C178778-2DEE-454B-B7DE-8331D2839C01}
		{32B71953-C627-4BA3-86F1-F0A7F7092CF8} = {718FE80A-961C-4E6C-B0B8-5281E8E72437}
		{77028128-0C7C-441E-99D0-BB8445B5040C} = {32B71953-C627-4BA3-86F1-F0A7F7092CF8}
		{8E39DCCD-3257-42C1-B7A7-84435C049950} = {32B71953-C627-4BA3-86F1-F0A7F7092CF8}
		{76F5B331-220D-40BF-B24A-CD023155007D} = {718FE80A-961C-4E6C-B0B8-5281E8E72437}
		{81372CE3-E11D-4D29-B93F-7E59006D38F4} = {76F5B331-220D-40BF-B24A-CD023155007D}
		{938BD875-0DA6-4502-ADA9-B034E3420F7B} = {76F5B331-220D-40BF-B24A-CD023155007D}
		{43170A30-D88A-4346-A506-2254185B98A0} = {76F5B331-220D-40BF-B24A-CD023155007D}
		{5A99E68D-99E0-4E68-98E2-B25E795739A2} = {718FE80A-961C-4E6C-B0B8-5281E8E72437}
		{B6ED2094-1E6F-4D81-9D19-03ACE89BC330} = {5A99E68D-99E0-4E68-98E2-B25E795739A2}
		{1674532A-404A-4382-BAAF-C02C97129294} = {5A99E68D-99E0-4E68-98E2-B25E795739A2}
		{629650FE-4002-4289-AB55-91828D7587DC} = {5A99E68D-99E0-4E68-98E2-B25E795739A2}
		{AB2011F1-F4AB-44D4-9F7A-202B26A87773} = {718FE80A-961C-4E6C-B0B8-5281E8E72437}
		{55459738-B330-4109-8C11-428F08EE375F} = {AB2011F1-F4AB-44D4-9F7A-202B26A87773}
		{EA06CCA1-65F4-43C8-9EF2-BC3D1144DC2A} = {AB2011F1-F4AB-44D4-9F7A-202B26A87773}
		{19251832-291E-4F8E-A2B3-1547BB971253} = {AB2011F1-F4AB-44D4-9F7A-202B26A87773}
		{C1E32CC4-25E4-4AD9-AB42-851F5B2DEDE4} = {718FE80A-961C-4E6C-B0B8-5281E8E72437}
		{E555B047-632E-440A-AE87-C624C20E9536} = {C1E32CC4-25E4-4AD9-AB42-851F5B2DEDE4}
		{495C760C-4CFF-4590-BCCD-A1C536B1E790} = {718FE80A-961C-4E6C-B0B8-5281E8E72437}
		{A2B8FC2A-CB7B-41DF-A03B-30CECD17BA97} = {495C760C-4CFF-4590-BCCD-A1C536B1E790}
		{28AA30E8-5E3C-407F-9121-490BA6A493A9} = {495C760C-4CFF-4590-BCCD-A1C536B1E790}
	EndGlobalSection
	GlobalSection(ExtensibilityGlobals) = postSolution
		SolutionGuid = {1751CA3F-6027-49E4-A583-3D1A11891F31}
	EndGlobalSection
EndGlobal
