
Microsoft Visual Studio Solution File, Format Version 12.00
# Visual Studio Version 16
VisualStudioVersion = 16.0.31727.386
MinimumVisualStudioVersion = 10.0.40219.1
Project("{FAE04EC0-301F-11D3-BF4B-00C04F79EFBC}") = "Builder", "Builder\Builder.csproj", "{5F7ACFBB-CCD3-4CF8-916D-CF84D120EA0B}"
EndProject
Project("{FAE04EC0-301F-11D3-BF4B-00C04F79EFBC}") = "BuilderAbstractFactory", "BuilderAbstractFactory\BuilderAbstractFactory.csproj", "{E708D591-687A-4B35-8DC8-A17E302B5789}"
EndProject
Project("{FAE04EC0-301F-11D3-BF4B-00C04F79EFBC}") = "PrototypeBuilder", "PrototypeBuider\PrototypeBuilder.csproj", "{DBAF0772-748B-4F37-8C07-DC60272F3757}"
EndProject
Project("{FAE04EC0-301F-11D3-BF4B-00C04F79EFBC}") = "PrototypeBuilderClone", "PrototypeBuilderClone\PrototypeBuilderClone.csproj", "{DA36E8B8-0BEF-4AA2-991D-537F5261E0F3}"
EndProject
Project("{FAE04EC0-301F-11D3-BF4B-00C04F79EFBC}") = "Prototype", "Prototype\Prototype.csproj", "{D6EA6CCB-19C9-4880-B86E-E97AA75B1E03}"
EndProject
Project("{2150E333-8FDC-42A3-9474-1A3956D46DE8}") = "CreationalPatterns", "CreationalPatterns", "{110E9B7D-2215-4E9E-9BAB-3B62069A27E9}"
EndProject
Project("{FAE04EC0-301F-11D3-BF4B-00C04F79EFBC}") = "DesignPrinciple", "DesignPrinciple\DesignPrinciple.csproj", "{4C7AB8C7-7DCB-4779-88D9-4F612F854338}"
EndProject
Project("{FAE04EC0-301F-11D3-BF4B-00C04F79EFBC}") = "SimpleFactory", "SimpleFactory\SimpleFactory.csproj", "{CE19FD29-7A0B-4C15-B532-C23CAEF9F2A2}"
EndProject
Project("{FAE04EC0-301F-11D3-BF4B-00C04F79EFBC}") = "Singleton", "Singleton\Singleton.csproj", "{23BB9D39-78D5-442E-A390-BBC5E4414532}"
EndProject
Project("{FAE04EC0-301F-11D3-BF4B-00C04F79EFBC}") = "AbstactFactory", "AbstactFactory\AbstactFactory.csproj", "{8E386B55-3BDF-4640-8487-15DF0F685827}"
EndProject
Project("{2150E333-8FDC-42A3-9474-1A3956D46DE8}") = "StructuralPatterns", "StructuralPatterns", "{585BAD23-3EC2-4795-B59C-61E18688A5B0}"
EndProject
Project("{FAE04EC0-301F-11D3-BF4B-00C04F79EFBC}") = "Adapter", "Adapter\Adapter.csproj", "{93A037C4-0A62-4D07-9BD9-BF9FAADDA3A5}"
EndProject
Project("{9A19103F-16F7-4668-BE54-9A1E7A4F7556}") = "ProxyServer", "ProxyServer\ProxyServer.csproj", "{86CCC668-7724-4668-9125-C9C740D1EC18}"
EndProject
Project("{2150E333-8FDC-42A3-9474-1A3956D46DE8}") = "BigTalkDesignPatterns", "BigTalkDesignPatterns", "{718FE80A-961C-4E6C-B0B8-5281E8E72437}"
EndProject
Project("{2150E333-8FDC-42A3-9474-1A3956D46DE8}") = "AppendixAOOP", "AppendixAOOP", "{844FE7DE-C116-4C02-B1C6-22AEB61B2657}"
EndProject
Project("{FAE04EC0-301F-11D3-BF4B-00C04F79EFBC}") = "AnimalGames", "AnimalGames\AnimalGames.csproj", "{5E0B61A6-D161-4DA4-B064-16B28CABE120}"
EndProject
Project("{2150E333-8FDC-42A3-9474-1A3956D46DE8}") = "Ch01SimpleFactory", "Ch01SimpleFactory", "{CAEF1A51-F54F-4F0A-80E7-0C4CB1C26DAE}"
EndProject
Project("{FAE04EC0-301F-11D3-BF4B-00C04F79EFBC}") = "Ch01.1", "Ch01.1\Ch01.1.csproj", "{927F60C3-28E0-4857-AD45-E7F822376EB2}"
EndProject
Project("{FAE04EC0-301F-11D3-BF4B-00C04F79EFBC}") = "Ch01.2", "Ch01.2\Ch01.2.csproj", "{38BAC70C-1ED4-4815-857C-790FB53B5297}"
EndProject
Project("{2150E333-8FDC-42A3-9474-1A3956D46DE8}") = "Ch02Strategy", "Ch02Strategy", "{BC3F9C46-9F9C-4CDF-B435-2DE28ADE1CFC}"
EndProject
Project("{FAE04EC0-301F-11D3-BF4B-00C04F79EFBC}") = "Ch02.1", "Ch02.1\Ch02.1.csproj", "{240D70B2-0420-4DCD-BFF2-4305388A82F9}"
EndProject
Project("{FAE04EC0-301F-11D3-BF4B-00C04F79EFBC}") = "Ch02.2", "Ch02.2\Ch02.2.csproj", "{74B59C18-FF65-4E47-9155-2FC4A9E7441C}"
EndProject
Project("{FAE04EC0-301F-11D3-BF4B-00C04F79EFBC}") = "Ch02.3", "Ch02.3\Ch02.3.csproj", "{4BC22BA6-8CD8-4CB1-BFD7-5040B11B1BD2}"
EndProject
Project("{FAE04EC0-301F-11D3-BF4B-00C04F79EFBC}") = "Ch02.4", "Ch02.4\Ch02.4.csproj", "{A4C9D281-F515-48DA-8B61-0FEF370DE153}"
EndProject
Project("{FAE04EC0-301F-11D3-BF4B-00C04F79EFBC}") = "Ch02.5", "Ch02.5\Ch02.5.csproj", "{01B5D45F-92EE-4678-903A-8C2C4D19E656}"
EndProject
Project("{2150E333-8FDC-42A3-9474-1A3956D46DE8}") = "Ch06Decorator", "Ch06Decorator", "{6A297ABE-E911-4FD9-83A7-280238D5F07C}"
EndProject
Project("{FAE04EC0-301F-11D3-BF4B-00C04F79EFBC}") = "Ch06.1", "Ch06.1\Ch06.1.csproj", "{00F78243-7347-4561-9899-2B171355D1F0}"
EndProject
Project("{FAE04EC0-301F-11D3-BF4B-00C04F79EFBC}") = "Ch06.2", "Ch06.2\Ch06.2.csproj", "{A9230EBB-8270-4C6C-A31D-48BC2B281E2C}"
EndProject
Project("{FAE04EC0-301F-11D3-BF4B-00C04F79EFBC}") = "Ch06.3", "Ch06.3\Ch06.3.csproj", "{9D4D0F12-BB40-4063-93F0-BBFE8F09E272}"
EndProject
Project("{2150E333-8FDC-42A3-9474-1A3956D46DE8}") = "Ch07Proxy", "Ch07Proxy", "{A8A82B98-079D-4CB0-8C10-B462E7CA366D}"
EndProject
Project("{FAE04EC0-301F-11D3-BF4B-00C04F79EFBC}") = "Ch07.1", "Ch07.1\Ch07.1.csproj", "{359A4D31-A95C-47EA-80D2-F4A883B2D3F6}"
EndProject
Project("{FAE04EC0-301F-11D3-BF4B-00C04F79EFBC}") = "Ch07.2", "Ch07.2\Ch07.2.csproj", "{37028AE8-F67E-4DA6-A6A9-28E0E6359C82}"
EndProject
Project("{FAE04EC0-301F-11D3-BF4B-00C04F79EFBC}") = "Ch07.3", "Ch07.3\Ch07.3.csproj", "{BB5B5FED-D2B4-46B1-94E1-22CABEBA0608}"
EndProject
Project("{2150E333-8FDC-42A3-9474-1A3956D46DE8}") = "Ch08Factory", "Ch08Factory", "{9AB4DA80-8876-4195-A715-2AC34E188199}"
EndProject
Project("{FAE04EC0-301F-11D3-BF4B-00C04F79EFBC}") = "Ch08.1", "Ch08.1\Ch08.1.csproj", "{1939FF26-0C34-4CBC-90B6-011DA043A9E2}"
EndProject
Project("{FAE04EC0-301F-11D3-BF4B-00C04F79EFBC}") = "Ch08.2", "Ch08.2\Ch08.2.csproj", "{C61A43C3-7446-414D-8BCF-2A977B9D0B59}"
EndProject
Project("{FAE04EC0-301F-11D3-BF4B-00C04F79EFBC}") = "Ch08.3", "Ch08.3\Ch08.3.csproj", "{C06178AA-C8CE-4541-871C-EA81C601306B}"
EndProject
Project("{2150E333-8FDC-42A3-9474-1A3956D46DE8}") = "Ch09Prototype", "Ch09Prototype", "{F01A9F91-6211-4AA0-A637-A08D8AB8661C}"
EndProject
Project("{FAE04EC0-301F-11D3-BF4B-00C04F79EFBC}") = "Ch09.1", "Ch09.1\Ch09.1.csproj", "{57BC4365-68C7-4B0B-9A06-7E56140B1126}"
EndProject
Project("{FAE04EC0-301F-11D3-BF4B-00C04F79EFBC}") = "Ch09.2", "Ch09.2\Ch09.2.csproj", "{ABA53B56-1C7F-4EFD-923D-151CB5E93814}"
EndProject
Project("{FAE04EC0-301F-11D3-BF4B-00C04F79EFBC}") = "Ch09.3", "Ch09.3\Ch09.3.csproj", "{98C65532-95B1-474A-9348-559114E50592}"
EndProject
Project("{FAE04EC0-301F-11D3-BF4B-00C04F79EFBC}") = "Ch09.4", "Ch09.4\Ch09.4.csproj", "{E6A97588-EFEC-4EFF-B2CD-BA63A76A0B34}"
EndProject
Global
	GlobalSection(SolutionConfigurationPlatforms) = preSolution
		Debug|Any CPU = Debug|Any CPU
		Release|Any CPU = Release|Any CPU
	EndGlobalSection
	GlobalSection(ProjectConfigurationPlatforms) = postSolution
		{5F7ACFBB-CCD3-4CF8-916D-CF84D120EA0B}.Debug|Any CPU.ActiveCfg = Debug|Any CPU
		{5F7ACFBB-CCD3-4CF8-916D-CF84D120EA0B}.Debug|Any CPU.Build.0 = Debug|Any CPU
		{5F7ACFBB-CCD3-4CF8-916D-CF84D120EA0B}.Release|Any CPU.ActiveCfg = Release|Any CPU
		{5F7ACFBB-CCD3-4CF8-916D-CF84D120EA0B}.Release|Any CPU.Build.0 = Release|Any CPU
		{E708D591-687A-4B35-8DC8-A17E302B5789}.Debug|Any CPU.ActiveCfg = Debug|Any CPU
		{E708D591-687A-4B35-8DC8-A17E302B5789}.Debug|Any CPU.Build.0 = Debug|Any CPU
		{E708D591-687A-4B35-8DC8-A17E302B5789}.Release|Any CPU.ActiveCfg = Release|Any CPU
		{E708D591-687A-4B35-8DC8-A17E302B5789}.Release|Any CPU.Build.0 = Release|Any CPU
		{DBAF0772-748B-4F37-8C07-DC60272F3757}.Debug|Any CPU.ActiveCfg = Debug|Any CPU
		{DBAF0772-748B-4F37-8C07-DC60272F3757}.Debug|Any CPU.Build.0 = Debug|Any CPU
		{DBAF0772-748B-4F37-8C07-DC60272F3757}.Release|Any CPU.ActiveCfg = Release|Any CPU
		{DBAF0772-748B-4F37-8C07-DC60272F3757}.Release|Any CPU.Build.0 = Release|Any CPU
		{DA36E8B8-0BEF-4AA2-991D-537F5261E0F3}.Debug|Any CPU.ActiveCfg = Debug|Any CPU
		{DA36E8B8-0BEF-4AA2-991D-537F5261E0F3}.Debug|Any CPU.Build.0 = Debug|Any CPU
		{DA36E8B8-0BEF-4AA2-991D-537F5261E0F3}.Release|Any CPU.ActiveCfg = Release|Any CPU
		{DA36E8B8-0BEF-4AA2-991D-537F5261E0F3}.Release|Any CPU.Build.0 = Release|Any CPU
		{D6EA6CCB-19C9-4880-B86E-E97AA75B1E03}.Debug|Any CPU.ActiveCfg = Debug|Any CPU
		{D6EA6CCB-19C9-4880-B86E-E97AA75B1E03}.Debug|Any CPU.Build.0 = Debug|Any CPU
		{D6EA6CCB-19C9-4880-B86E-E97AA75B1E03}.Release|Any CPU.ActiveCfg = Release|Any CPU
		{D6EA6CCB-19C9-4880-B86E-E97AA75B1E03}.Release|Any CPU.Build.0 = Release|Any CPU
		{4C7AB8C7-7DCB-4779-88D9-4F612F854338}.Debug|Any CPU.ActiveCfg = Debug|Any CPU
		{4C7AB8C7-7DCB-4779-88D9-4F612F854338}.Debug|Any CPU.Build.0 = Debug|Any CPU
		{4C7AB8C7-7DCB-4779-88D9-4F612F854338}.Release|Any CPU.ActiveCfg = Release|Any CPU
		{4C7AB8C7-7DCB-4779-88D9-4F612F854338}.Release|Any CPU.Build.0 = Release|Any CPU
		{CE19FD29-7A0B-4C15-B532-C23CAEF9F2A2}.Debug|Any CPU.ActiveCfg = Debug|Any CPU
		{CE19FD29-7A0B-4C15-B532-C23CAEF9F2A2}.Debug|Any CPU.Build.0 = Debug|Any CPU
		{CE19FD29-7A0B-4C15-B532-C23CAEF9F2A2}.Release|Any CPU.ActiveCfg = Release|Any CPU
		{CE19FD29-7A0B-4C15-B532-C23CAEF9F2A2}.Release|Any CPU.Build.0 = Release|Any CPU
		{23BB9D39-78D5-442E-A390-BBC5E4414532}.Debug|Any CPU.ActiveCfg = Debug|Any CPU
		{23BB9D39-78D5-442E-A390-BBC5E4414532}.Debug|Any CPU.Build.0 = Debug|Any CPU
		{23BB9D39-78D5-442E-A390-BBC5E4414532}.Release|Any CPU.ActiveCfg = Release|Any CPU
		{23BB9D39-78D5-442E-A390-BBC5E4414532}.Release|Any CPU.Build.0 = Release|Any CPU
		{8E386B55-3BDF-4640-8487-15DF0F685827}.Debug|Any CPU.ActiveCfg = Debug|Any CPU
		{8E386B55-3BDF-4640-8487-15DF0F685827}.Debug|Any CPU.Build.0 = Debug|Any CPU
		{8E386B55-3BDF-4640-8487-15DF0F685827}.Release|Any CPU.ActiveCfg = Release|Any CPU
		{8E386B55-3BDF-4640-8487-15DF0F685827}.Release|Any CPU.Build.0 = Release|Any CPU
		{93A037C4-0A62-4D07-9BD9-BF9FAADDA3A5}.Debug|Any CPU.ActiveCfg = Debug|Any CPU
		{93A037C4-0A62-4D07-9BD9-BF9FAADDA3A5}.Debug|Any CPU.Build.0 = Debug|Any CPU
		{93A037C4-0A62-4D07-9BD9-BF9FAADDA3A5}.Release|Any CPU.ActiveCfg = Release|Any CPU
		{93A037C4-0A62-4D07-9BD9-BF9FAADDA3A5}.Release|Any CPU.Build.0 = Release|Any CPU
		{86CCC668-7724-4668-9125-C9C740D1EC18}.Debug|Any CPU.ActiveCfg = Debug|Any CPU
		{86CCC668-7724-4668-9125-C9C740D1EC18}.Debug|Any CPU.Build.0 = Debug|Any CPU
		{86CCC668-7724-4668-9125-C9C740D1EC18}.Release|Any CPU.ActiveCfg = Release|Any CPU
		{86CCC668-7724-4668-9125-C9C740D1EC18}.Release|Any CPU.Build.0 = Release|Any CPU
		{5E0B61A6-D161-4DA4-B064-16B28CABE120}.Debug|Any CPU.ActiveCfg = Debug|Any CPU
		{5E0B61A6-D161-4DA4-B064-16B28CABE120}.Debug|Any CPU.Build.0 = Debug|Any CPU
		{5E0B61A6-D161-4DA4-B064-16B28CABE120}.Release|Any CPU.ActiveCfg = Release|Any CPU
		{5E0B61A6-D161-4DA4-B064-16B28CABE120}.Release|Any CPU.Build.0 = Release|Any CPU
		{927F60C3-28E0-4857-AD45-E7F822376EB2}.Debug|Any CPU.ActiveCfg = Debug|Any CPU
		{927F60C3-28E0-4857-AD45-E7F822376EB2}.Debug|Any CPU.Build.0 = Debug|Any CPU
		{927F60C3-28E0-4857-AD45-E7F822376EB2}.Release|Any CPU.ActiveCfg = Release|Any CPU
		{927F60C3-28E0-4857-AD45-E7F822376EB2}.Release|Any CPU.Build.0 = Release|Any CPU
		{38BAC70C-1ED4-4815-857C-790FB53B5297}.Debug|Any CPU.ActiveCfg = Debug|Any CPU
		{38BAC70C-1ED4-4815-857C-790FB53B5297}.Debug|Any CPU.Build.0 = Debug|Any CPU
		{38BAC70C-1ED4-4815-857C-790FB53B5297}.Release|Any CPU.ActiveCfg = Release|Any CPU
		{38BAC70C-1ED4-4815-857C-790FB53B5297}.Release|Any CPU.Build.0 = Release|Any CPU
		{240D70B2-0420-4DCD-BFF2-4305388A82F9}.Debug|Any CPU.ActiveCfg = Debug|Any CPU
		{240D70B2-0420-4DCD-BFF2-4305388A82F9}.Debug|Any CPU.Build.0 = Debug|Any CPU
		{240D70B2-0420-4DCD-BFF2-4305388A82F9}.Release|Any CPU.ActiveCfg = Release|Any CPU
		{240D70B2-0420-4DCD-BFF2-4305388A82F9}.Release|Any CPU.Build.0 = Release|Any CPU
		{74B59C18-FF65-4E47-9155-2FC4A9E7441C}.Debug|Any CPU.ActiveCfg = Debug|Any CPU
		{74B59C18-FF65-4E47-9155-2FC4A9E7441C}.Debug|Any CPU.Build.0 = Debug|Any CPU
		{74B59C18-FF65-4E47-9155-2FC4A9E7441C}.Release|Any CPU.ActiveCfg = Release|Any CPU
		{74B59C18-FF65-4E47-9155-2FC4A9E7441C}.Release|Any CPU.Build.0 = Release|Any CPU
		{4BC22BA6-8CD8-4CB1-BFD7-5040B11B1BD2}.Debug|Any CPU.ActiveCfg = Debug|Any CPU
		{4BC22BA6-8CD8-4CB1-BFD7-5040B11B1BD2}.Debug|Any CPU.Build.0 = Debug|Any CPU
		{4BC22BA6-8CD8-4CB1-BFD7-5040B11B1BD2}.Release|Any CPU.ActiveCfg = Release|Any CPU
		{4BC22BA6-8CD8-4CB1-BFD7-5040B11B1BD2}.Release|Any CPU.Build.0 = Release|Any CPU
		{A4C9D281-F515-48DA-8B61-0FEF370DE153}.Debug|Any CPU.ActiveCfg = Debug|Any CPU
		{A4C9D281-F515-48DA-8B61-0FEF370DE153}.Debug|Any CPU.Build.0 = Debug|Any CPU
		{A4C9D281-F515-48DA-8B61-0FEF370DE153}.Release|Any CPU.ActiveCfg = Release|Any CPU
		{A4C9D281-F515-48DA-8B61-0FEF370DE153}.Release|Any CPU.Build.0 = Release|Any CPU
		{01B5D45F-92EE-4678-903A-8C2C4D19E656}.Debug|Any CPU.ActiveCfg = Debug|Any CPU
		{01B5D45F-92EE-4678-903A-8C2C4D19E656}.Debug|Any CPU.Build.0 = Debug|Any CPU
		{01B5D45F-92EE-4678-903A-8C2C4D19E656}.Release|Any CPU.ActiveCfg = Release|Any CPU
		{01B5D45F-92EE-4678-903A-8C2C4D19E656}.Release|Any CPU.Build.0 = Release|Any CPU
		{00F78243-7347-4561-9899-2B171355D1F0}.Debug|Any CPU.ActiveCfg = Debug|Any CPU
		{00F78243-7347-4561-9899-2B171355D1F0}.Debug|Any CPU.Build.0 = Debug|Any CPU
		{00F78243-7347-4561-9899-2B171355D1F0}.Release|Any CPU.ActiveCfg = Release|Any CPU
		{00F78243-7347-4561-9899-2B171355D1F0}.Release|Any CPU.Build.0 = Release|Any CPU
		{A9230EBB-8270-4C6C-A31D-48BC2B281E2C}.Debug|Any CPU.ActiveCfg = Debug|Any CPU
		{A9230EBB-8270-4C6C-A31D-48BC2B281E2C}.Debug|Any CPU.Build.0 = Debug|Any CPU
		{A9230EBB-8270-4C6C-A31D-48BC2B281E2C}.Release|Any CPU.ActiveCfg = Release|Any CPU
		{A9230EBB-8270-4C6C-A31D-48BC2B281E2C}.Release|Any CPU.Build.0 = Release|Any CPU
		{9D4D0F12-BB40-4063-93F0-BBFE8F09E272}.Debug|Any CPU.ActiveCfg = Debug|Any CPU
		{9D4D0F12-BB40-4063-93F0-BBFE8F09E272}.Debug|Any CPU.Build.0 = Debug|Any CPU
		{9D4D0F12-BB40-4063-93F0-BBFE8F09E272}.Release|Any CPU.ActiveCfg = Release|Any CPU
		{9D4D0F12-BB40-4063-93F0-BBFE8F09E272}.Release|Any CPU.Build.0 = Release|Any CPU
		{359A4D31-A95C-47EA-80D2-F4A883B2D3F6}.Debug|Any CPU.ActiveCfg = Debug|Any CPU
		{359A4D31-A95C-47EA-80D2-F4A883B2D3F6}.Debug|Any CPU.Build.0 = Debug|Any CPU
		{359A4D31-A95C-47EA-80D2-F4A883B2D3F6}.Release|Any CPU.ActiveCfg = Release|Any CPU
		{359A4D31-A95C-47EA-80D2-F4A883B2D3F6}.Release|Any CPU.Build.0 = Release|Any CPU
		{37028AE8-F67E-4DA6-A6A9-28E0E6359C82}.Debug|Any CPU.ActiveCfg = Debug|Any CPU
		{37028AE8-F67E-4DA6-A6A9-28E0E6359C82}.Debug|Any CPU.Build.0 = Debug|Any CPU
		{37028AE8-F67E-4DA6-A6A9-28E0E6359C82}.Release|Any CPU.ActiveCfg = Release|Any CPU
		{37028AE8-F67E-4DA6-A6A9-28E0E6359C82}.Release|Any CPU.Build.0 = Release|Any CPU
		{BB5B5FED-D2B4-46B1-94E1-22CABEBA0608}.Debug|Any CPU.ActiveCfg = Debug|Any CPU
		{BB5B5FED-D2B4-46B1-94E1-22CABEBA0608}.Debug|Any CPU.Build.0 = Debug|Any CPU
		{BB5B5FED-D2B4-46B1-94E1-22CABEBA0608}.Release|Any CPU.ActiveCfg = Release|Any CPU
		{BB5B5FED-D2B4-46B1-94E1-22CABEBA0608}.Release|Any CPU.Build.0 = Release|Any CPU
		{1939FF26-0C34-4CBC-90B6-011DA043A9E2}.Debug|Any CPU.ActiveCfg = Debug|Any CPU
		{1939FF26-0C34-4CBC-90B6-011DA043A9E2}.Debug|Any CPU.Build.0 = Debug|Any CPU
		{1939FF26-0C34-4CBC-90B6-011DA043A9E2}.Release|Any CPU.ActiveCfg = Release|Any CPU
		{1939FF26-0C34-4CBC-90B6-011DA043A9E2}.Release|Any CPU.Build.0 = Release|Any CPU
		{C61A43C3-7446-414D-8BCF-2A977B9D0B59}.Debug|Any CPU.ActiveCfg = Debug|Any CPU
		{C61A43C3-7446-414D-8BCF-2A977B9D0B59}.Debug|Any CPU.Build.0 = Debug|Any CPU
		{C61A43C3-7446-414D-8BCF-2A977B9D0B59}.Release|Any CPU.ActiveCfg = Release|Any CPU
		{C61A43C3-7446-414D-8BCF-2A977B9D0B59}.Release|Any CPU.Build.0 = Release|Any CPU
		{C06178AA-C8CE-4541-871C-EA81C601306B}.Debug|Any CPU.ActiveCfg = Debug|Any CPU
		{C06178AA-C8CE-4541-871C-EA81C601306B}.Debug|Any CPU.Build.0 = Debug|Any CPU
		{C06178AA-C8CE-4541-871C-EA81C601306B}.Release|Any CPU.ActiveCfg = Release|Any CPU
		{C06178AA-C8CE-4541-871C-EA81C601306B}.Release|Any CPU.Build.0 = Release|Any CPU
		{57BC4365-68C7-4B0B-9A06-7E56140B1126}.Debug|Any CPU.ActiveCfg = Debug|Any CPU
		{57BC4365-68C7-4B0B-9A06-7E56140B1126}.Debug|Any CPU.Build.0 = Debug|Any CPU
		{57BC4365-68C7-4B0B-9A06-7E56140B1126}.Release|Any CPU.ActiveCfg = Release|Any CPU
		{57BC4365-68C7-4B0B-9A06-7E56140B1126}.Release|Any CPU.Build.0 = Release|Any CPU
		{ABA53B56-1C7F-4EFD-923D-151CB5E93814}.Debug|Any CPU.ActiveCfg = Debug|Any CPU
		{ABA53B56-1C7F-4EFD-923D-151CB5E93814}.Debug|Any CPU.Build.0 = Debug|Any CPU
		{ABA53B56-1C7F-4EFD-923D-151CB5E93814}.Release|Any CPU.ActiveCfg = Release|Any CPU
		{ABA53B56-1C7F-4EFD-923D-151CB5E93814}.Release|Any CPU.Build.0 = Release|Any CPU
		{98C65532-95B1-474A-9348-559114E50592}.Debug|Any CPU.ActiveCfg = Debug|Any CPU
		{98C65532-95B1-474A-9348-559114E50592}.Debug|Any CPU.Build.0 = Debug|Any CPU
		{98C65532-95B1-474A-9348-559114E50592}.Release|Any CPU.ActiveCfg = Release|Any CPU
		{98C65532-95B1-474A-9348-559114E50592}.Release|Any CPU.Build.0 = Release|Any CPU
		{E6A97588-EFEC-4EFF-B2CD-BA63A76A0B34}.Debug|Any CPU.ActiveCfg = Debug|Any CPU
		{E6A97588-EFEC-4EFF-B2CD-BA63A76A0B34}.Debug|Any CPU.Build.0 = Debug|Any CPU
		{E6A97588-EFEC-4EFF-B2CD-BA63A76A0B34}.Release|Any CPU.ActiveCfg = Release|Any CPU
		{E6A97588-EFEC-4EFF-B2CD-BA63A76A0B34}.Release|Any CPU.Build.0 = Release|Any CPU
	EndGlobalSection
	GlobalSection(SolutionProperties) = preSolution
		HideSolutionNode = FALSE
	EndGlobalSection
	GlobalSection(NestedProjects) = preSolution
		{5F7ACFBB-CCD3-4CF8-916D-CF84D120EA0B} = {110E9B7D-2215-4E9E-9BAB-3B62069A27E9}
		{E708D591-687A-4B35-8DC8-A17E302B5789} = {110E9B7D-2215-4E9E-9BAB-3B62069A27E9}
		{DBAF0772-748B-4F37-8C07-DC60272F3757} = {110E9B7D-2215-4E9E-9BAB-3B62069A27E9}
		{DA36E8B8-0BEF-4AA2-991D-537F5261E0F3} = {110E9B7D-2215-4E9E-9BAB-3B62069A27E9}
		{D6EA6CCB-19C9-4880-B86E-E97AA75B1E03} = {110E9B7D-2215-4E9E-9BAB-3B62069A27E9}
		{CE19FD29-7A0B-4C15-B532-C23CAEF9F2A2} = {110E9B7D-2215-4E9E-9BAB-3B62069A27E9}
		{23BB9D39-78D5-442E-A390-BBC5E4414532} = {110E9B7D-2215-4E9E-9BAB-3B62069A27E9}
		{8E386B55-3BDF-4640-8487-15DF0F685827} = {110E9B7D-2215-4E9E-9BAB-3B62069A27E9}
		{93A037C4-0A62-4D07-9BD9-BF9FAADDA3A5} = {585BAD23-3EC2-4795-B59C-61E18688A5B0}
		{86CCC668-7724-4668-9125-C9C740D1EC18} = {585BAD23-3EC2-4795-B59C-61E18688A5B0}
		{844FE7DE-C116-4C02-B1C6-22AEB61B2657} = {718FE80A-961C-4E6C-B0B8-5281E8E72437}
		{5E0B61A6-D161-4DA4-B064-16B28CABE120} = {844FE7DE-C116-4C02-B1C6-22AEB61B2657}
		{CAEF1A51-F54F-4F0A-80E7-0C4CB1C26DAE} = {718FE80A-961C-4E6C-B0B8-5281E8E72437}
		{927F60C3-28E0-4857-AD45-E7F822376EB2} = {CAEF1A51-F54F-4F0A-80E7-0C4CB1C26DAE}
		{38BAC70C-1ED4-4815-857C-790FB53B5297} = {CAEF1A51-F54F-4F0A-80E7-0C4CB1C26DAE}
		{BC3F9C46-9F9C-4CDF-B435-2DE28ADE1CFC} = {718FE80A-961C-4E6C-B0B8-5281E8E72437}
		{240D70B2-0420-4DCD-BFF2-4305388A82F9} = {BC3F9C46-9F9C-4CDF-B435-2DE28ADE1CFC}
		{74B59C18-FF65-4E47-9155-2FC4A9E7441C} = {BC3F9C46-9F9C-4CDF-B435-2DE28ADE1CFC}
		{4BC22BA6-8CD8-4CB1-BFD7-5040B11B1BD2} = {BC3F9C46-9F9C-4CDF-B435-2DE28ADE1CFC}
		{A4C9D281-F515-48DA-8B61-0FEF370DE153} = {BC3F9C46-9F9C-4CDF-B435-2DE28ADE1CFC}
		{01B5D45F-92EE-4678-903A-8C2C4D19E656} = {BC3F9C46-9F9C-4CDF-B435-2DE28ADE1CFC}
		{6A297ABE-E911-4FD9-83A7-280238D5F07C} = {718FE80A-961C-4E6C-B0B8-5281E8E72437}
		{00F78243-7347-4561-9899-2B171355D1F0} = {6A297ABE-E911-4FD9-83A7-280238D5F07C}
		{A9230EBB-8270-4C6C-A31D-48BC2B281E2C} = {6A297ABE-E911-4FD9-83A7-280238D5F07C}
		{9D4D0F12-BB40-4063-93F0-BBFE8F09E272} = {6A297ABE-E911-4FD9-83A7-280238D5F07C}
		{A8A82B98-079D-4CB0-8C10-B462E7CA366D} = {718FE80A-961C-4E6C-B0B8-5281E8E72437}
		{359A4D31-A95C-47EA-80D2-F4A883B2D3F6} = {A8A82B98-079D-4CB0-8C10-B462E7CA366D}
		{37028AE8-F67E-4DA6-A6A9-28E0E6359C82} = {A8A82B98-079D-4CB0-8C10-B462E7CA366D}
		{BB5B5FED-D2B4-46B1-94E1-22CABEBA0608} = {A8A82B98-079D-4CB0-8C10-B462E7CA366D}
		{9AB4DA80-8876-4195-A715-2AC34E188199} = {718FE80A-961C-4E6C-B0B8-5281E8E72437}
		{1939FF26-0C34-4CBC-90B6-011DA043A9E2} = {9AB4DA80-8876-4195-A715-2AC34E188199}
		{C61A43C3-7446-414D-8BCF-2A977B9D0B59} = {9AB4DA80-8876-4195-A715-2AC34E188199}
		{C06178AA-C8CE-4541-871C-EA81C601306B} = {9AB4DA80-8876-4195-A715-2AC34E188199}
		{F01A9F91-6211-4AA0-A637-A08D8AB8661C} = {718FE80A-961C-4E6C-B0B8-5281E8E72437}
		{57BC4365-68C7-4B0B-9A06-7E56140B1126} = {F01A9F91-6211-4AA0-A637-A08D8AB8661C}
		{ABA53B56-1C7F-4EFD-923D-151CB5E93814} = {F01A9F91-6211-4AA0-A637-A08D8AB8661C}
		{98C65532-95B1-474A-9348-559114E50592} = {F01A9F91-6211-4AA0-A637-A08D8AB8661C}
		{E6A97588-EFEC-4EFF-B2CD-BA63A76A0B34} = {F01A9F91-6211-4AA0-A637-A08D8AB8661C}
	EndGlobalSection
	GlobalSection(ExtensibilityGlobals) = postSolution
		SolutionGuid = {1751CA3F-6027-49E4-A583-3D1A11891F31}
	EndGlobalSection
EndGlobal
